
Microsoft Visual Studio Solution File, Format Version 12.00
# Visual Studio Version 17
VisualStudioVersion = 17.0.31903.59
MinimumVisualStudioVersion = 10.0.40219.1
Project("{2150E333-8FDC-42A3-9474-1A3956D46DE8}") = "src", "src", "{827E0CD3-B72D-47B6-A68D-7590B98EB39B}"
EndProject
Project("{2150E333-8FDC-42A3-9474-1A3956D46DE8}") = "Host", "Host", "{981C2CF6-E5BB-602A-511C-234B538302B0}"
EndProject
Project("{FAE04EC0-301F-11D3-BF4B-00C04F79EFBC}") = "SSAS.Host.API", "src\Host\SSAS.Host.API\SSAS.Host.API.csproj", "{B290014E-2512-4861-B112-943E4A56D76E}"
EndProject
Project("{2150E333-8FDC-42A3-9474-1A3956D46DE8}") = "Platform", "Platform", "{4DF80442-A1E5-CC28-AE7B-27B5F9BFE52B}"
EndProject
Project("{FAE04EC0-301F-11D3-BF4B-00C04F79EFBC}") = "SSAS.Platform.API", "src\Platform\SSAS.Platform.API\SSAS.Platform.API.csproj", "{299E3FF3-A95B-4810-B80E-6B157551F425}"
EndProject
Project("{FAE04EC0-301F-11D3-BF4B-00C04F79EFBC}") = "SSAS.Platform.Application", "src\Platform\SSAS.Platform.Application\SSAS.Platform.Application.csproj", "{C1ED5021-D0AE-42F9-90A0-B76B8283A627}"
EndProject
Project("{FAE04EC0-301F-11D3-BF4B-00C04F79EFBC}") = "SSAS.Platform.Domain", "src\Platform\SSAS.Platform.Domain\SSAS.Platform.Domain.csproj", "{E8FB03F0-C5D0-46C4-9093-99DEED788AF4}"
EndProject
Project("{FAE04EC0-301F-11D3-BF4B-00C04F79EFBC}") = "SSAS.Platform.Infrastructure", "src\Platform\SSAS.Platform.Infrastructure\SSAS.Platform.Infrastructure.csproj", "{55DBC2C6-AB9D-4DDF-A0D8-A950F0DCFBF2}"
EndProject
Project("{FAE04EC0-301F-11D3-BF4B-00C04F79EFBC}") = "SSAS.Platform.Contracts", "src\Platform\SSAS.Platform.Contracts\SSAS.Platform.Contracts.csproj", "{2DF74C48-B75C-461D-8190-F8634BDEBBE7}"
EndProject
Project("{2150E333-8FDC-42A3-9474-1A3956D46DE8}") = "Modules", "Modules", "{EC447DCF-ABFA-6E24-52A5-D7FD48A5C558}"
EndProject
Project("{2150E333-8FDC-42A3-9474-1A3956D46DE8}") = "HR", "HR", "{6EBCFD33-7D2C-6F0C-B60B-6B70B57F5713}"
EndProject
Project("{FAE04EC0-301F-11D3-BF4B-00C04F79EFBC}") = "SSAS.HR.API", "src\Modules\HR\SSAS.HR.API\SSAS.HR.API.csproj", "{3F0BC906-55CA-4758-9181-679D445E8E0C}"
EndProject
Project("{FAE04EC0-301F-11D3-BF4B-00C04F79EFBC}") = "SSAS.HR.Application", "src\Modules\HR\SSAS.HR.Application\SSAS.HR.Application.csproj", "{6712A1D1-572F-47ED-821F-0C2F0AD5929B}"
EndProject
Project("{FAE04EC0-301F-11D3-BF4B-00C04F79EFBC}") = "SSAS.HR.Domain", "src\Modules\HR\SSAS.HR.Domain\SSAS.HR.Domain.csproj", "{72ACB282-D9BC-4A08-B809-FBB72D8EFD58}"
EndProject
Project("{FAE04EC0-301F-11D3-BF4B-00C04F79EFBC}") = "SSAS.HR.Infrastructure", "src\Modules\HR\SSAS.HR.Infrastructure\SSAS.HR.Infrastructure.csproj", "{72174F46-087B-4BD2-9D34-6016A4CBA869}"
EndProject
Project("{FAE04EC0-301F-11D3-BF4B-00C04F79EFBC}") = "SSAS.HR.Contracts", "src\Modules\HR\SSAS.HR.Contracts\SSAS.HR.Contracts.csproj", "{9CE653BF-7A52-4A4B-B7DA-39C2837E5955}"
EndProject
Project("{2150E333-8FDC-42A3-9474-1A3956D46DE8}") = "Finance", "Finance", "{6FEA55CD-9038-3367-F52F-2FD77CF71706}"
EndProject
Project("{FAE04EC0-301F-11D3-BF4B-00C04F79EFBC}") = "SSAS.GL.API", "src\Modules\Finance\SSAS.GL.API\SSAS.GL.API.csproj", "{6ABD90BB-C85C-45C4-A986-70D017BB22BC}"
EndProject
Project("{FAE04EC0-301F-11D3-BF4B-00C04F79EFBC}") = "SSAS.GL.Application", "src\Modules\Finance\SSAS.GL.Application\SSAS.GL.Application.csproj", "{A0D6E16A-32E9-4225-9424-57F298FE063F}"
EndProject
Project("{FAE04EC0-301F-11D3-BF4B-00C04F79EFBC}") = "SSAS.GL.Domain", "src\Modules\Finance\SSAS.GL.Domain\SSAS.GL.Domain.csproj", "{D7C6DB49-4D99-490A-AACE-A674EB47C378}"
EndProject
Project("{FAE04EC0-301F-11D3-BF4B-00C04F79EFBC}") = "SSAS.GL.Infrastructure", "src\Modules\Finance\SSAS.GL.Infrastructure\SSAS.GL.Infrastructure.csproj", "{395D3BB7-7CB8-44AB-BBC7-15A8899003F1}"
EndProject
Project("{FAE04EC0-301F-11D3-BF4B-00C04F79EFBC}") = "SSAS.GL.Contracts", "src\Modules\Finance\SSAS.GL.Contracts\SSAS.GL.Contracts.csproj", "{93A581B1-FAD0-4688-A085-FECEE1B090D3}"
EndProject
Project("{2150E333-8FDC-42A3-9474-1A3956D46DE8}") = "BuildingBlocks", "BuildingBlocks", "{90298CBA-BD6F-3A0A-69D5-97CAD7B05E7E}"
EndProject
Project("{FAE04EC0-301F-11D3-BF4B-00C04F79EFBC}") = "SSAS.BuildingBlocks.Domain", "src\BuildingBlocks\SSAS.BuildingBlocks.Domain\SSAS.BuildingBlocks.Domain.csproj", "{D039E069-07E1-4E29-8B32-FB2B90BE231B}"
EndProject
Project("{FAE04EC0-301F-11D3-BF4B-00C04F79EFBC}") = "SSAS.BuildingBlocks.Application", "src\BuildingBlocks\SSAS.BuildingBlocks.Application\SSAS.BuildingBlocks.Application.csproj", "{DBF2918F-7E73-49A9-AE4F-E97AB9AF96A7}"
EndProject
Project("{FAE04EC0-301F-11D3-BF4B-00C04F79EFBC}") = "SSAS.BuildingBlocks.Infrastructure", "src\BuildingBlocks\SSAS.BuildingBlocks.Infrastructure\SSAS.BuildingBlocks.Infrastructure.csproj", "{284056EC-8174-406D-A3C3-2AFD04EDB3C5}"
EndProject
Project("{FAE04EC0-301F-11D3-BF4B-00C04F79EFBC}") = "SSAS.BuildingBlocks.Contracts", "src\BuildingBlocks\SSAS.BuildingBlocks.Contracts\SSAS.BuildingBlocks.Contracts.csproj", "{51AA8A10-7D6B-4044-92FD-6BDB872BA3FB}"
EndProject
Project("{FAE04EC0-301F-11D3-BF4B-00C04F79EFBC}") = "SSAS.BuildingBlocks.SharedKernel", "src\BuildingBlocks\SSAS.BuildingBlocks.SharedKernel\SSAS.BuildingBlocks.SharedKernel.csproj", "{7754A5FB-22EE-487F-B198-1869104C7014}"
EndProject
Project("{2150E333-8FDC-42A3-9474-1A3956D46DE8}") = "tests", "tests", "{0AB3BF05-4346-4AA6-1389-037BE0695223}"
EndProject
Project("{2150E333-8FDC-42A3-9474-1A3956D46DE8}") = "Platform.Tests", "Platform.Tests", "{85896903-C11A-550F-4791-5F5C99C50ED1}"
EndProject
Project("{FAE04EC0-301F-11D3-BF4B-00C04F79EFBC}") = "SSAS.Platform.Tests", "tests\Platform.Tests\SSAS.Platform.Tests.csproj", "{924EAF3C-E529-4FC7-9E87-A15CE37AABD8}"
EndProject
Project("{2150E333-8FDC-42A3-9474-1A3956D46DE8}") = "HR.Tests", "HR.Tests", "{4ED01977-64FC-3F80-46B0-E78AD5B334DC}"
EndProject
Project("{FAE04EC0-301F-11D3-BF4B-00C04F79EFBC}") = "SSAS.HR.Tests", "tests\HR.Tests\SSAS.HR.Tests.csproj", "{814B1E2B-5501-437C-AE52-3D4639187DE0}"
EndProject
Project("{2150E333-8FDC-42A3-9474-1A3956D46DE8}") = "Finance.Tests", "Finance.Tests", "{DA8A0F5C-4DE5-8F62-9FF1-6DCCE178F9BD}"
EndProject
Project("{FAE04EC0-301F-11D3-BF4B-00C04F79EFBC}") = "SSAS.Finance.Tests", "tests\Finance.Tests\SSAS.Finance.Tests.csproj", "{EFD593CA-DCB9-49CC-ABC0-DDE550814006}"
EndProject
Project("{2150E333-8FDC-42A3-9474-1A3956D46DE8}") = "Integration.Tests", "Integration.Tests", "{0CBD8A84-ADDB-80AC-D34C-93737CE66ECA}"
EndProject
Project("{FAE04EC0-301F-11D3-BF4B-00C04F79EFBC}") = "SSAS.Integration.Tests", "tests\Integration.Tests\SSAS.Integration.Tests.csproj", "{8A30D5BB-3A54-4395-BF4B-D62171BE755A}"
EndProject
Project("{2150E333-8FDC-42A3-9474-1A3956D46DE8}") = "API.Tests", "API.Tests", "{C7681E76-71D0-F6B3-CD73-27CBAEE59458}"
EndProject
Project("{FAE04EC0-301F-11D3-BF4B-00C04F79EFBC}") = "SSAS.API.Tests", "tests\API.Tests\SSAS.API.Tests.csproj", "{7FE90F05-9731-47ED-80C0-775A0F09B94C}"
EndProject
Project("{2150E333-8FDC-42A3-9474-1A3956D46DE8}") = "UI.Tests", "UI.Tests", "{86EDF2E8-368E-6ECE-B957-F7D5BC44D527}"
EndProject
Project("{FAE04EC0-301F-11D3-BF4B-00C04F79EFBC}") = "SSAS.UI.Tests", "tests\UI.Tests\SSAS.UI.Tests.csproj", "{F3690BA2-1A99-42B3-A536-0420A501CAF8}"
EndProject
Project("{2150E333-8FDC-42A3-9474-1A3956D46DE8}") = "Performance.Tests", "Performance.Tests", "{20F39B69-73D7-BD9C-1828-1BD7CC0961A3}"
EndProject
Project("{FAE04EC0-301F-11D3-BF4B-00C04F79EFBC}") = "SSAS.Performance.Tests", "tests\Performance.Tests\SSAS.Performance.Tests.csproj", "{72547096-2CB9-4C3D-85C5-1C11ABBF1F07}"
EndProject
Project("{2150E333-8FDC-42A3-9474-1A3956D46DE8}") = "Architecture.Tests", "Architecture.Tests", "{E5AB533E-94D6-5DC6-D574-DB58F629B249}"
EndProject
Project("{FAE04EC0-301F-11D3-BF4B-00C04F79EFBC}") = "SSAS.Architecture.Tests", "tests\Architecture.Tests\SSAS.Architecture.Tests.csproj", "{E07751DB-72DC-419B-86E2-06961303B3D9}"
EndProject
Global
	GlobalSection(SolutionConfigurationPlatforms) = preSolution
		Debug|Any CPU = Debug|Any CPU
		Debug|x64 = Debug|x64
		Debug|x86 = Debug|x86
		Release|Any CPU = Release|Any CPU
		Release|x64 = Release|x64
		Release|x86 = Release|x86
	EndGlobalSection
	GlobalSection(ProjectConfigurationPlatforms) = postSolution
		{B290014E-2512-4861-B112-943E4A56D76E}.Debug|Any CPU.ActiveCfg = Debug|Any CPU
		{B290014E-2512-4861-B112-943E4A56D76E}.Debug|Any CPU.Build.0 = Debug|Any CPU
		{B290014E-2512-4861-B112-943E4A56D76E}.Debug|x64.ActiveCfg = Debug|Any CPU
		{B290014E-2512-4861-B112-943E4A56D76E}.Debug|x64.Build.0 = Debug|Any CPU
		{B290014E-2512-4861-B112-943E4A56D76E}.Debug|x86.ActiveCfg = Debug|Any CPU
		{B290014E-2512-4861-B112-943E4A56D76E}.Debug|x86.Build.0 = Debug|Any CPU
		{B290014E-2512-4861-B112-943E4A56D76E}.Release|Any CPU.ActiveCfg = Release|Any CPU
		{B290014E-2512-4861-B112-943E4A56D76E}.Release|Any CPU.Build.0 = Release|Any CPU
		{B290014E-2512-4861-B112-943E4A56D76E}.Release|x64.ActiveCfg = Release|Any CPU
		{B290014E-2512-4861-B112-943E4A56D76E}.Release|x64.Build.0 = Release|Any CPU
		{B290014E-2512-4861-B112-943E4A56D76E}.Release|x86.ActiveCfg = Release|Any CPU
		{B290014E-2512-4861-B112-943E4A56D76E}.Release|x86.Build.0 = Release|Any CPU
		{299E3FF3-A95B-4810-B80E-6B157551F425}.Debug|Any CPU.ActiveCfg = Debug|Any CPU
		{299E3FF3-A95B-4810-B80E-6B157551F425}.Debug|Any CPU.Build.0 = Debug|Any CPU
		{299E3FF3-A95B-4810-B80E-6B157551F425}.Debug|x64.ActiveCfg = Debug|Any CPU
		{299E3FF3-A95B-4810-B80E-6B157551F425}.Debug|x64.Build.0 = Debug|Any CPU
		{299E3FF3-A95B-4810-B80E-6B157551F425}.Debug|x86.ActiveCfg = Debug|Any CPU
		{299E3FF3-A95B-4810-B80E-6B157551F425}.Debug|x86.Build.0 = Debug|Any CPU
		{299E3FF3-A95B-4810-B80E-6B157551F425}.Release|Any CPU.ActiveCfg = Release|Any CPU
		{299E3FF3-A95B-4810-B80E-6B157551F425}.Release|Any CPU.Build.0 = Release|Any CPU
		{299E3FF3-A95B-4810-B80E-6B157551F425}.Release|x64.ActiveCfg = Release|Any CPU
		{299E3FF3-A95B-4810-B80E-6B157551F425}.Release|x64.Build.0 = Release|Any CPU
		{299E3FF3-A95B-4810-B80E-6B157551F425}.Release|x86.ActiveCfg = Release|Any CPU
		{299E3FF3-A95B-4810-B80E-6B157551F425}.Release|x86.Build.0 = Release|Any CPU
		{C1ED5021-D0AE-42F9-90A0-B76B8283A627}.Debug|Any CPU.ActiveCfg = Debug|Any CPU
		{C1ED5021-D0AE-42F9-90A0-B76B8283A627}.Debug|Any CPU.Build.0 = Debug|Any CPU
		{C1ED5021-D0AE-42F9-90A0-B76B8283A627}.Debug|x64.ActiveCfg = Debug|Any CPU
		{C1ED5021-D0AE-42F9-90A0-B76B8283A627}.Debug|x64.Build.0 = Debug|Any CPU
		{C1ED5021-D0AE-42F9-90A0-B76B8283A627}.Debug|x86.ActiveCfg = Debug|Any CPU
		{C1ED5021-D0AE-42F9-90A0-B76B8283A627}.Debug|x86.Build.0 = Debug|Any CPU
		{C1ED5021-D0AE-42F9-90A0-B76B8283A627}.Release|Any CPU.ActiveCfg = Release|Any CPU
		{C1ED5021-D0AE-42F9-90A0-B76B8283A627}.Release|Any CPU.Build.0 = Release|Any CPU
		{C1ED5021-D0AE-42F9-90A0-B76B8283A627}.Release|x64.ActiveCfg = Release|Any CPU
		{C1ED5021-D0AE-42F9-90A0-B76B8283A627}.Release|x64.Build.0 = Release|Any CPU
		{C1ED5021-D0AE-42F9-90A0-B76B8283A627}.Release|x86.ActiveCfg = Release|Any CPU
		{C1ED5021-D0AE-42F9-90A0-B76B8283A627}.Release|x86.Build.0 = Release|Any CPU
		{E8FB03F0-C5D0-46C4-9093-99DEED788AF4}.Debug|Any CPU.ActiveCfg = Debug|Any CPU
		{E8FB03F0-C5D0-46C4-9093-99DEED788AF4}.Debug|Any CPU.Build.0 = Debug|Any CPU
		{E8FB03F0-C5D0-46C4-9093-99DEED788AF4}.Debug|x64.ActiveCfg = Debug|Any CPU
		{E8FB03F0-C5D0-46C4-9093-99DEED788AF4}.Debug|x64.Build.0 = Debug|Any CPU
		{E8FB03F0-C5D0-46C4-9093-99DEED788AF4}.Debug|x86.ActiveCfg = Debug|Any CPU
		{E8FB03F0-C5D0-46C4-9093-99DEED788AF4}.Debug|x86.Build.0 = Debug|Any CPU
		{E8FB03F0-C5D0-46C4-9093-99DEED788AF4}.Release|Any CPU.ActiveCfg = Release|Any CPU
		{E8FB03F0-C5D0-46C4-9093-99DEED788AF4}.Release|Any CPU.Build.0 = Release|Any CPU
		{E8FB03F0-C5D0-46C4-9093-99DEED788AF4}.Release|x64.ActiveCfg = Release|Any CPU
		{E8FB03F0-C5D0-46C4-9093-99DEED788AF4}.Release|x64.Build.0 = Release|Any CPU
		{E8FB03F0-C5D0-46C4-9093-99DEED788AF4}.Release|x86.ActiveCfg = Release|Any CPU
		{E8FB03F0-C5D0-46C4-9093-99DEED788AF4}.Release|x86.Build.0 = Release|Any CPU
		{55DBC2C6-AB9D-4DDF-A0D8-A950F0DCFBF2}.Debug|Any CPU.ActiveCfg = Debug|Any CPU
		{55DBC2C6-AB9D-4DDF-A0D8-A950F0DCFBF2}.Debug|Any CPU.Build.0 = Debug|Any CPU
		{55DBC2C6-AB9D-4DDF-A0D8-A950F0DCFBF2}.Debug|x64.ActiveCfg = Debug|Any CPU
		{55DBC2C6-AB9D-4DDF-A0D8-A950F0DCFBF2}.Debug|x64.Build.0 = Debug|Any CPU
		{55DBC2C6-AB9D-4DDF-A0D8-A950F0DCFBF2}.Debug|x86.ActiveCfg = Debug|Any CPU
		{55DBC2C6-AB9D-4DDF-A0D8-A950F0DCFBF2}.Debug|x86.Build.0 = Debug|Any CPU
		{55DBC2C6-AB9D-4DDF-A0D8-A950F0DCFBF2}.Release|Any CPU.ActiveCfg = Release|Any CPU
		{55DBC2C6-AB9D-4DDF-A0D8-A950F0DCFBF2}.Release|Any CPU.Build.0 = Release|Any CPU
		{55DBC2C6-AB9D-4DDF-A0D8-A950F0DCFBF2}.Release|x64.ActiveCfg = Release|Any CPU
		{55DBC2C6-AB9D-4DDF-A0D8-A950F0DCFBF2}.Release|x64.Build.0 = Release|Any CPU
		{55DBC2C6-AB9D-4DDF-A0D8-A950F0DCFBF2}.Release|x86.ActiveCfg = Release|Any CPU
		{55DBC2C6-AB9D-4DDF-A0D8-A950F0DCFBF2}.Release|x86.Build.0 = Release|Any CPU
		{2DF74C48-B75C-461D-8190-F8634BDEBBE7}.Debug|Any CPU.ActiveCfg = Debug|Any CPU
		{2DF74C48-B75C-461D-8190-F8634BDEBBE7}.Debug|Any CPU.Build.0 = Debug|Any CPU
		{2DF74C48-B75C-461D-8190-F8634BDEBBE7}.Debug|x64.ActiveCfg = Debug|Any CPU
		{2DF74C48-B75C-461D-8190-F8634BDEBBE7}.Debug|x64.Build.0 = Debug|Any CPU
		{2DF74C48-B75C-461D-8190-F8634BDEBBE7}.Debug|x86.ActiveCfg = Debug|Any CPU
		{2DF74C48-B75C-461D-8190-F8634BDEBBE7}.Debug|x86.Build.0 = Debug|Any CPU
		{2DF74C48-B75C-461D-8190-F8634BDEBBE7}.Release|Any CPU.ActiveCfg = Release|Any CPU
		{2DF74C48-B75C-461D-8190-F8634BDEBBE7}.Release|Any CPU.Build.0 = Release|Any CPU
		{2DF74C48-B75C-461D-8190-F8634BDEBBE7}.Release|x64.ActiveCfg = Release|Any CPU
		{2DF74C48-B75C-461D-8190-F8634BDEBBE7}.Release|x64.Build.0 = Release|Any CPU
		{2DF74C48-B75C-461D-8190-F8634BDEBBE7}.Release|x86.ActiveCfg = Release|Any CPU
		{2DF74C48-B75C-461D-8190-F8634BDEBBE7}.Release|x86.Build.0 = Release|Any CPU
		{3F0BC906-55CA-4758-9181-679D445E8E0C}.Debug|Any CPU.ActiveCfg = Debug|Any CPU
		{3F0BC906-55CA-4758-9181-679D445E8E0C}.Debug|Any CPU.Build.0 = Debug|Any CPU
		{3F0BC906-55CA-4758-9181-679D445E8E0C}.Debug|x64.ActiveCfg = Debug|Any CPU
		{3F0BC906-55CA-4758-9181-679D445E8E0C}.Debug|x64.Build.0 = Debug|Any CPU
		{3F0BC906-55CA-4758-9181-679D445E8E0C}.Debug|x86.ActiveCfg = Debug|Any CPU
		{3F0BC906-55CA-4758-9181-679D445E8E0C}.Debug|x86.Build.0 = Debug|Any CPU
		{3F0BC906-55CA-4758-9181-679D445E8E0C}.Release|Any CPU.ActiveCfg = Release|Any CPU
		{3F0BC906-55CA-4758-9181-679D445E8E0C}.Release|Any CPU.Build.0 = Release|Any CPU
		{3F0BC906-55CA-4758-9181-679D445E8E0C}.Release|x64.ActiveCfg = Release|Any CPU
		{3F0BC906-55CA-4758-9181-679D445E8E0C}.Release|x64.Build.0 = Release|Any CPU
		{3F0BC906-55CA-4758-9181-679D445E8E0C}.Release|x86.ActiveCfg = Release|Any CPU
		{3F0BC906-55CA-4758-9181-679D445E8E0C}.Release|x86.Build.0 = Release|Any CPU
		{6712A1D1-572F-47ED-821F-0C2F0AD5929B}.Debug|Any CPU.ActiveCfg = Debug|Any CPU
		{6712A1D1-572F-47ED-821F-0C2F0AD5929B}.Debug|Any CPU.Build.0 = Debug|Any CPU
		{6712A1D1-572F-47ED-821F-0C2F0AD5929B}.Debug|x64.ActiveCfg = Debug|Any CPU
		{6712A1D1-572F-47ED-821F-0C2F0AD5929B}.Debug|x64.Build.0 = Debug|Any CPU
		{6712A1D1-572F-47ED-821F-0C2F0AD5929B}.Debug|x86.ActiveCfg = Debug|Any CPU
		{6712A1D1-572F-47ED-821F-0C2F0AD5929B}.Debug|x86.Build.0 = Debug|Any CPU
		{6712A1D1-572F-47ED-821F-0C2F0AD5929B}.Release|Any CPU.ActiveCfg = Release|Any CPU
		{6712A1D1-572F-47ED-821F-0C2F0AD5929B}.Release|Any CPU.Build.0 = Release|Any CPU
		{6712A1D1-572F-47ED-821F-0C2F0AD5929B}.Release|x64.ActiveCfg = Release|Any CPU
		{6712A1D1-572F-47ED-821F-0C2F0AD5929B}.Release|x64.Build.0 = Release|Any CPU
		{6712A1D1-572F-47ED-821F-0C2F0AD5929B}.Release|x86.ActiveCfg = Release|Any CPU
		{6712A1D1-572F-47ED-821F-0C2F0AD5929B}.Release|x86.Build.0 = Release|Any CPU
		{72ACB282-D9BC-4A08-B809-FBB72D8EFD58}.Debug|Any CPU.ActiveCfg = Debug|Any CPU
		{72ACB282-D9BC-4A08-B809-FBB72D8EFD58}.Debug|Any CPU.Build.0 = Debug|Any CPU
		{72ACB282-D9BC-4A08-B809-FBB72D8EFD58}.Debug|x64.ActiveCfg = Debug|Any CPU
		{72ACB282-D9BC-4A08-B809-FBB72D8EFD58}.Debug|x64.Build.0 = Debug|Any CPU
		{72ACB282-D9BC-4A08-B809-FBB72D8EFD58}.Debug|x86.ActiveCfg = Debug|Any CPU
		{72ACB282-D9BC-4A08-B809-FBB72D8EFD58}.Debug|x86.Build.0 = Debug|Any CPU
		{72ACB282-D9BC-4A08-B809-FBB72D8EFD58}.Release|Any CPU.ActiveCfg = Release|Any CPU
		{72ACB282-D9BC-4A08-B809-FBB72D8EFD58}.Release|Any CPU.Build.0 = Release|Any CPU
		{72ACB282-D9BC-4A08-B809-FBB72D8EFD58}.Release|x64.ActiveCfg = Release|Any CPU
		{72ACB282-D9BC-4A08-B809-FBB72D8EFD58}.Release|x64.Build.0 = Release|Any CPU
		{72ACB282-D9BC-4A08-B809-FBB72D8EFD58}.Release|x86.ActiveCfg = Release|Any CPU
		{72ACB282-D9BC-4A08-B809-FBB72D8EFD58}.Release|x86.Build.0 = Release|Any CPU
		{72174F46-087B-4BD2-9D34-6016A4CBA869}.Debug|Any CPU.ActiveCfg = Debug|Any CPU
		{72174F46-087B-4BD2-9D34-6016A4CBA869}.Debug|Any CPU.Build.0 = Debug|Any CPU
		{72174F46-087B-4BD2-9D34-6016A4CBA869}.Debug|x64.ActiveCfg = Debug|Any CPU
		{72174F46-087B-4BD2-9D34-6016A4CBA869}.Debug|x64.Build.0 = Debug|Any CPU
		{72174F46-087B-4BD2-9D34-6016A4CBA869}.Debug|x86.ActiveCfg = Debug|Any CPU
		{72174F46-087B-4BD2-9D34-6016A4CBA869}.Debug|x86.Build.0 = Debug|Any CPU
		{72174F46-087B-4BD2-9D34-6016A4CBA869}.Release|Any CPU.ActiveCfg = Release|Any CPU
		{72174F46-087B-4BD2-9D34-6016A4CBA869}.Release|Any CPU.Build.0 = Release|Any CPU
		{72174F46-087B-4BD2-9D34-6016A4CBA869}.Release|x64.ActiveCfg = Release|Any CPU
		{72174F46-087B-4BD2-9D34-6016A4CBA869}.Release|x64.Build.0 = Release|Any CPU
		{72174F46-087B-4BD2-9D34-6016A4CBA869}.Release|x86.ActiveCfg = Release|Any CPU
		{72174F46-087B-4BD2-9D34-6016A4CBA869}.Release|x86.Build.0 = Release|Any CPU
		{9CE653BF-7A52-4A4B-B7DA-39C2837E5955}.Debug|Any CPU.ActiveCfg = Debug|Any CPU
		{9CE653BF-7A52-4A4B-B7DA-39C2837E5955}.Debug|Any CPU.Build.0 = Debug|Any CPU
		{9CE653BF-7A52-4A4B-B7DA-39C2837E5955}.Debug|x64.ActiveCfg = Debug|Any CPU
		{9CE653BF-7A52-4A4B-B7DA-39C2837E5955}.Debug|x64.Build.0 = Debug|Any CPU
		{9CE653BF-7A52-4A4B-B7DA-39C2837E5955}.Debug|x86.ActiveCfg = Debug|Any CPU
		{9CE653BF-7A52-4A4B-B7DA-39C2837E5955}.Debug|x86.Build.0 = Debug|Any CPU
		{9CE653BF-7A52-4A4B-B7DA-39C2837E5955}.Release|Any CPU.ActiveCfg = Release|Any CPU
		{9CE653BF-7A52-4A4B-B7DA-39C2837E5955}.Release|Any CPU.Build.0 = Release|Any CPU
		{9CE653BF-7A52-4A4B-B7DA-39C2837E5955}.Release|x64.ActiveCfg = Release|Any CPU
		{9CE653BF-7A52-4A4B-B7DA-39C2837E5955}.Release|x64.Build.0 = Release|Any CPU
		{9CE653BF-7A52-4A4B-B7DA-39C2837E5955}.Release|x86.ActiveCfg = Release|Any CPU
		{9CE653BF-7A52-4A4B-B7DA-39C2837E5955}.Release|x86.Build.0 = Release|Any CPU
		{6ABD90BB-C85C-45C4-A986-70D017BB22BC}.Debug|Any CPU.ActiveCfg = Debug|Any CPU
		{6ABD90BB-C85C-45C4-A986-70D017BB22BC}.Debug|Any CPU.Build.0 = Debug|Any CPU
		{6ABD90BB-C85C-45C4-A986-70D017BB22BC}.Debug|x64.ActiveCfg = Debug|Any CPU
		{6ABD90BB-C85C-45C4-A986-70D017BB22BC}.Debug|x64.Build.0 = Debug|Any CPU
		{6ABD90BB-C85C-45C4-A986-70D017BB22BC}.Debug|x86.ActiveCfg = Debug|Any CPU
		{6ABD90BB-C85C-45C4-A986-70D017BB22BC}.Debug|x86.Build.0 = Debug|Any CPU
		{6ABD90BB-C85C-45C4-A986-70D017BB22BC}.Release|Any CPU.ActiveCfg = Release|Any CPU
		{6ABD90BB-C85C-45C4-A986-70D017BB22BC}.Release|Any CPU.Build.0 = Release|Any CPU
		{6ABD90BB-C85C-45C4-A986-70D017BB22BC}.Release|x64.ActiveCfg = Release|Any CPU
		{6ABD90BB-C85C-45C4-A986-70D017BB22BC}.Release|x64.Build.0 = Release|Any CPU
		{6ABD90BB-C85C-45C4-A986-70D017BB22BC}.Release|x86.ActiveCfg = Release|Any CPU
		{6ABD90BB-C85C-45C4-A986-70D017BB22BC}.Release|x86.Build.0 = Release|Any CPU
		{A0D6E16A-32E9-4225-9424-57F298FE063F}.Debug|Any CPU.ActiveCfg = Debug|Any CPU
		{A0D6E16A-32E9-4225-9424-57F298FE063F}.Debug|Any CPU.Build.0 = Debug|Any CPU
		{A0D6E16A-32E9-4225-9424-57F298FE063F}.Debug|x64.ActiveCfg = Debug|Any CPU
		{A0D6E16A-32E9-4225-9424-57F298FE063F}.Debug|x64.Build.0 = Debug|Any CPU
		{A0D6E16A-32E9-4225-9424-57F298FE063F}.Debug|x86.ActiveCfg = Debug|Any CPU
		{A0D6E16A-32E9-4225-9424-57F298FE063F}.Debug|x86.Build.0 = Debug|Any CPU
		{A0D6E16A-32E9-4225-9424-57F298FE063F}.Release|Any CPU.ActiveCfg = Release|Any CPU
		{A0D6E16A-32E9-4225-9424-57F298FE063F}.Release|Any CPU.Build.0 = Release|Any CPU
		{A0D6E16A-32E9-4225-9424-57F298FE063F}.Release|x64.ActiveCfg = Release|Any CPU
		{A0D6E16A-32E9-4225-9424-57F298FE063F}.Release|x64.Build.0 = Release|Any CPU
		{A0D6E16A-32E9-4225-9424-57F298FE063F}.Release|x86.ActiveCfg = Release|Any CPU
		{A0D6E16A-32E9-4225-9424-57F298FE063F}.Release|x86.Build.0 = Release|Any CPU
		{D7C6DB49-4D99-490A-AACE-A674EB47C378}.Debug|Any CPU.ActiveCfg = Debug|Any CPU
		{D7C6DB49-4D99-490A-AACE-A674EB47C378}.Debug|Any CPU.Build.0 = Debug|Any CPU
		{D7C6DB49-4D99-490A-AACE-A674EB47C378}.Debug|x64.ActiveCfg = Debug|Any CPU
		{D7C6DB49-4D99-490A-AACE-A674EB47C378}.Debug|x64.Build.0 = Debug|Any CPU
		{D7C6DB49-4D99-490A-AACE-A674EB47C378}.Debug|x86.ActiveCfg = Debug|Any CPU
		{D7C6DB49-4D99-490A-AACE-A674EB47C378}.Debug|x86.Build.0 = Debug|Any CPU
		{D7C6DB49-4D99-490A-AACE-A674EB47C378}.Release|Any CPU.ActiveCfg = Release|Any CPU
		{D7C6DB49-4D99-490A-AACE-A674EB47C378}.Release|Any CPU.Build.0 = Release|Any CPU
		{D7C6DB49-4D99-490A-AACE-A674EB47C378}.Release|x64.ActiveCfg = Release|Any CPU
		{D7C6DB49-4D99-490A-AACE-A674EB47C378}.Release|x64.Build.0 = Release|Any CPU
		{D7C6DB49-4D99-490A-AACE-A674EB47C378}.Release|x86.ActiveCfg = Release|Any CPU
		{D7C6DB49-4D99-490A-AACE-A674EB47C378}.Release|x86.Build.0 = Release|Any CPU
		{395D3BB7-7CB8-44AB-BBC7-15A8899003F1}.Debug|Any CPU.ActiveCfg = Debug|Any CPU
		{395D3BB7-7CB8-44AB-BBC7-15A8899003F1}.Debug|Any CPU.Build.0 = Debug|Any CPU
		{395D3BB7-7CB8-44AB-BBC7-15A8899003F1}.Debug|x64.ActiveCfg = Debug|Any CPU
		{395D3BB7-7CB8-44AB-BBC7-15A8899003F1}.Debug|x64.Build.0 = Debug|Any CPU
		{395D3BB7-7CB8-44AB-BBC7-15A8899003F1}.Debug|x86.ActiveCfg = Debug|Any CPU
		{395D3BB7-7CB8-44AB-BBC7-15A8899003F1}.Debug|x86.Build.0 = Debug|Any CPU
		{395D3BB7-7CB8-44AB-BBC7-15A8899003F1}.Release|Any CPU.ActiveCfg = Release|Any CPU
		{395D3BB7-7CB8-44AB-BBC7-15A8899003F1}.Release|Any CPU.Build.0 = Release|Any CPU
		{395D3BB7-7CB8-44AB-BBC7-15A8899003F1}.Release|x64.ActiveCfg = Release|Any CPU
		{395D3BB7-7CB8-44AB-BBC7-15A8899003F1}.Release|x64.Build.0 = Release|Any CPU
		{395D3BB7-7CB8-44AB-BBC7-15A8899003F1}.Release|x86.ActiveCfg = Release|Any CPU
		{395D3BB7-7CB8-44AB-BBC7-15A8899003F1}.Release|x86.Build.0 = Release|Any CPU
		{93A581B1-FAD0-4688-A085-FECEE1B090D3}.Debug|Any CPU.ActiveCfg = Debug|Any CPU
		{93A581B1-FAD0-4688-A085-FECEE1B090D3}.Debug|Any CPU.Build.0 = Debug|Any CPU
		{93A581B1-FAD0-4688-A085-FECEE1B090D3}.Debug|x64.ActiveCfg = Debug|Any CPU
		{93A581B1-FAD0-4688-A085-FECEE1B090D3}.Debug|x64.Build.0 = Debug|Any CPU
		{93A581B1-FAD0-4688-A085-FECEE1B090D3}.Debug|x86.ActiveCfg = Debug|Any CPU
		{93A581B1-FAD0-4688-A085-FECEE1B090D3}.Debug|x86.Build.0 = Debug|Any CPU
		{93A581B1-FAD0-4688-A085-FECEE1B090D3}.Release|Any CPU.ActiveCfg = Release|Any CPU
		{93A581B1-FAD0-4688-A085-FECEE1B090D3}.Release|Any CPU.Build.0 = Release|Any CPU
		{93A581B1-FAD0-4688-A085-FECEE1B090D3}.Release|x64.ActiveCfg = Release|Any CPU
		{93A581B1-FAD0-4688-A085-FECEE1B090D3}.Release|x64.Build.0 = Release|Any CPU
		{93A581B1-FAD0-4688-A085-FECEE1B090D3}.Release|x86.ActiveCfg = Release|Any CPU
		{93A581B1-FAD0-4688-A085-FECEE1B090D3}.Release|x86.Build.0 = Release|Any CPU
		{D039E069-07E1-4E29-8B32-FB2B90BE231B}.Debug|Any CPU.ActiveCfg = Debug|Any CPU
		{D039E069-07E1-4E29-8B32-FB2B90BE231B}.Debug|Any CPU.Build.0 = Debug|Any CPU
		{D039E069-07E1-4E29-8B32-FB2B90BE231B}.Debug|x64.ActiveCfg = Debug|Any CPU
		{D039E069-07E1-4E29-8B32-FB2B90BE231B}.Debug|x64.Build.0 = Debug|Any CPU
		{D039E069-07E1-4E29-8B32-FB2B90BE231B}.Debug|x86.ActiveCfg = Debug|Any CPU
		{D039E069-07E1-4E29-8B32-FB2B90BE231B}.Debug|x86.Build.0 = Debug|Any CPU
		{D039E069-07E1-4E29-8B32-FB2B90BE231B}.Release|Any CPU.ActiveCfg = Release|Any CPU
		{D039E069-07E1-4E29-8B32-FB2B90BE231B}.Release|Any CPU.Build.0 = Release|Any CPU
		{D039E069-07E1-4E29-8B32-FB2B90BE231B}.Release|x64.ActiveCfg = Release|Any CPU
		{D039E069-07E1-4E29-8B32-FB2B90BE231B}.Release|x64.Build.0 = Release|Any CPU
		{D039E069-07E1-4E29-8B32-FB2B90BE231B}.Release|x86.ActiveCfg = Release|Any CPU
		{D039E069-07E1-4E29-8B32-FB2B90BE231B}.Release|x86.Build.0 = Release|Any CPU
		{DBF2918F-7E73-49A9-AE4F-E97AB9AF96A7}.Debug|Any CPU.ActiveCfg = Debug|Any CPU
		{DBF2918F-7E73-49A9-AE4F-E97AB9AF96A7}.Debug|Any CPU.Build.0 = Debug|Any CPU
		{DBF2918F-7E73-49A9-AE4F-E97AB9AF96A7}.Debug|x64.ActiveCfg = Debug|Any CPU
		{DBF2918F-7E73-49A9-AE4F-E97AB9AF96A7}.Debug|x64.Build.0 = Debug|Any CPU
		{DBF2918F-7E73-49A9-AE4F-E97AB9AF96A7}.Debug|x86.ActiveCfg = Debug|Any CPU
		{DBF2918F-7E73-49A9-AE4F-E97AB9AF96A7}.Debug|x86.Build.0 = Debug|Any CPU
		{DBF2918F-7E73-49A9-AE4F-E97AB9AF96A7}.Release|Any CPU.ActiveCfg = Release|Any CPU
		{DBF2918F-7E73-49A9-AE4F-E97AB9AF96A7}.Release|Any CPU.Build.0 = Release|Any CPU
		{DBF2918F-7E73-49A9-AE4F-E97AB9AF96A7}.Release|x64.ActiveCfg = Release|Any CPU
		{DBF2918F-7E73-49A9-AE4F-E97AB9AF96A7}.Release|x64.Build.0 = Release|Any CPU
		{DBF2918F-7E73-49A9-AE4F-E97AB9AF96A7}.Release|x86.ActiveCfg = Release|Any CPU
		{DBF2918F-7E73-49A9-AE4F-E97AB9AF96A7}.Release|x86.Build.0 = Release|Any CPU
		{284056EC-8174-406D-A3C3-2AFD04EDB3C5}.Debug|Any CPU.ActiveCfg = Debug|Any CPU
		{284056EC-8174-406D-A3C3-2AFD04EDB3C5}.Debug|Any CPU.Build.0 = Debug|Any CPU
		{284056EC-8174-406D-A3C3-2AFD04EDB3C5}.Debug|x64.ActiveCfg = Debug|Any CPU
		{284056EC-8174-406D-A3C3-2AFD04EDB3C5}.Debug|x64.Build.0 = Debug|Any CPU
		{284056EC-8174-406D-A3C3-2AFD04EDB3C5}.Debug|x86.ActiveCfg = Debug|Any CPU
		{284056EC-8174-406D-A3C3-2AFD04EDB3C5}.Debug|x86.Build.0 = Debug|Any CPU
		{284056EC-8174-406D-A3C3-2AFD04EDB3C5}.Release|Any CPU.ActiveCfg = Release|Any CPU
		{284056EC-8174-406D-A3C3-2AFD04EDB3C5}.Release|Any CPU.Build.0 = Release|Any CPU
		{284056EC-8174-406D-A3C3-2AFD04EDB3C5}.Release|x64.ActiveCfg = Release|Any CPU
		{284056EC-8174-406D-A3C3-2AFD04EDB3C5}.Release|x64.Build.0 = Release|Any CPU
		{284056EC-8174-406D-A3C3-2AFD04EDB3C5}.Release|x86.ActiveCfg = Release|Any CPU
		{284056EC-8174-406D-A3C3-2AFD04EDB3C5}.Release|x86.Build.0 = Release|Any CPU
		{51AA8A10-7D6B-4044-92FD-6BDB872BA3FB}.Debug|Any CPU.ActiveCfg = Debug|Any CPU
		{51AA8A10-7D6B-4044-92FD-6BDB872BA3FB}.Debug|Any CPU.Build.0 = Debug|Any CPU
		{51AA8A10-7D6B-4044-92FD-6BDB872BA3FB}.Debug|x64.ActiveCfg = Debug|Any CPU
		{51AA8A10-7D6B-4044-92FD-6BDB872BA3FB}.Debug|x64.Build.0 = Debug|Any CPU
		{51AA8A10-7D6B-4044-92FD-6BDB872BA3FB}.Debug|x86.ActiveCfg = Debug|Any CPU
		{51AA8A10-7D6B-4044-92FD-6BDB872BA3FB}.Debug|x86.Build.0 = Debug|Any CPU
		{51AA8A10-7D6B-4044-92FD-6BDB872BA3FB}.Release|Any CPU.ActiveCfg = Release|Any CPU
		{51AA8A10-7D6B-4044-92FD-6BDB872BA3FB}.Release|Any CPU.Build.0 = Release|Any CPU
		{51AA8A10-7D6B-4044-92FD-6BDB872BA3FB}.Release|x64.ActiveCfg = Release|Any CPU
		{51AA8A10-7D6B-4044-92FD-6BDB872BA3FB}.Release|x64.Build.0 = Release|Any CPU
		{51AA8A10-7D6B-4044-92FD-6BDB872BA3FB}.Release|x86.ActiveCfg = Release|Any CPU
		{51AA8A10-7D6B-4044-92FD-6BDB872BA3FB}.Release|x86.Build.0 = Release|Any CPU
		{7754A5FB-22EE-487F-B198-1869104C7014}.Debug|Any CPU.ActiveCfg = Debug|Any CPU
		{7754A5FB-22EE-487F-B198-1869104C7014}.Debug|Any CPU.Build.0 = Debug|Any CPU
		{7754A5FB-22EE-487F-B198-1869104C7014}.Debug|x64.ActiveCfg = Debug|Any CPU
		{7754A5FB-22EE-487F-B198-1869104C7014}.Debug|x64.Build.0 = Debug|Any CPU
		{7754A5FB-22EE-487F-B198-1869104C7014}.Debug|x86.ActiveCfg = Debug|Any CPU
		{7754A5FB-22EE-487F-B198-1869104C7014}.Debug|x86.Build.0 = Debug|Any CPU
		{7754A5FB-22EE-487F-B198-1869104C7014}.Release|Any CPU.ActiveCfg = Release|Any CPU
		{7754A5FB-22EE-487F-B198-1869104C7014}.Release|Any CPU.Build.0 = Release|Any CPU
		{7754A5FB-22EE-487F-B198-1869104C7014}.Release|x64.ActiveCfg = Release|Any CPU
		{7754A5FB-22EE-487F-B198-1869104C7014}.Release|x64.Build.0 = Release|Any CPU
		{7754A5FB-22EE-487F-B198-1869104C7014}.Release|x86.ActiveCfg = Release|Any CPU
		{7754A5FB-22EE-487F-B198-1869104C7014}.Release|x86.Build.0 = Release|Any CPU
		{924EAF3C-E529-4FC7-9E87-A15CE37AABD8}.Debug|Any CPU.ActiveCfg = Debug|Any CPU
		{924EAF3C-E529-4FC7-9E87-A15CE37AABD8}.Debug|Any CPU.Build.0 = Debug|Any CPU
		{924EAF3C-E529-4FC7-9E87-A15CE37AABD8}.Debug|x64.ActiveCfg = Debug|Any CPU
		{924EAF3C-E529-4FC7-9E87-A15CE37AABD8}.Debug|x64.Build.0 = Debug|Any CPU
		{924EAF3C-E529-4FC7-9E87-A15CE37AABD8}.Debug|x86.ActiveCfg = Debug|Any CPU
		{924EAF3C-E529-4FC7-9E87-A15CE37AABD8}.Debug|x86.Build.0 = Debug|Any CPU
		{924EAF3C-E529-4FC7-9E87-A15CE37AABD8}.Release|Any CPU.ActiveCfg = Release|Any CPU
		{924EAF3C-E529-4FC7-9E87-A15CE37AABD8}.Release|Any CPU.Build.0 = Release|Any CPU
		{924EAF3C-E529-4FC7-9E87-A15CE37AABD8}.Release|x64.ActiveCfg = Release|Any CPU
		{924EAF3C-E529-4FC7-9E87-A15CE37AABD8}.Release|x64.Build.0 = Release|Any CPU
		{924EAF3C-E529-4FC7-9E87-A15CE37AABD8}.Release|x86.ActiveCfg = Release|Any CPU
		{924EAF3C-E529-4FC7-9E87-A15CE37AABD8}.Release|x86.Build.0 = Release|Any CPU
		{814B1E2B-5501-437C-AE52-3D4639187DE0}.Debug|Any CPU.ActiveCfg = Debug|Any CPU
		{814B1E2B-5501-437C-AE52-3D4639187DE0}.Debug|Any CPU.Build.0 = Debug|Any CPU
		{814B1E2B-5501-437C-AE52-3D4639187DE0}.Debug|x64.ActiveCfg = Debug|Any CPU
		{814B1E2B-5501-437C-AE52-3D4639187DE0}.Debug|x64.Build.0 = Debug|Any CPU
		{814B1E2B-5501-437C-AE52-3D4639187DE0}.Debug|x86.ActiveCfg = Debug|Any CPU
		{814B1E2B-5501-437C-AE52-3D4639187DE0}.Debug|x86.Build.0 = Debug|Any CPU
		{814B1E2B-5501-437C-AE52-3D4639187DE0}.Release|Any CPU.ActiveCfg = Release|Any CPU
		{814B1E2B-5501-437C-AE52-3D4639187DE0}.Release|Any CPU.Build.0 = Release|Any CPU
		{814B1E2B-5501-437C-AE52-3D4639187DE0}.Release|x64.ActiveCfg = Release|Any CPU
		{814B1E2B-5501-437C-AE52-3D4639187DE0}.Release|x64.Build.0 = Release|Any CPU
		{814B1E2B-5501-437C-AE52-3D4639187DE0}.Release|x86.ActiveCfg = Release|Any CPU
		{814B1E2B-5501-437C-AE52-3D4639187DE0}.Release|x86.Build.0 = Release|Any CPU
		{EFD593CA-DCB9-49CC-ABC0-DDE550814006}.Debug|Any CPU.ActiveCfg = Debug|Any CPU
		{EFD593CA-DCB9-49CC-ABC0-DDE550814006}.Debug|Any CPU.Build.0 = Debug|Any CPU
		{EFD593CA-DCB9-49CC-ABC0-DDE550814006}.Debug|x64.ActiveCfg = Debug|Any CPU
		{EFD593CA-DCB9-49CC-ABC0-DDE550814006}.Debug|x64.Build.0 = Debug|Any CPU
		{EFD593CA-DCB9-49CC-ABC0-DDE550814006}.Debug|x86.ActiveCfg = Debug|Any CPU
		{EFD593CA-DCB9-49CC-ABC0-DDE550814006}.Debug|x86.Build.0 = Debug|Any CPU
		{EFD593CA-DCB9-49CC-ABC0-DDE550814006}.Release|Any CPU.ActiveCfg = Release|Any CPU
		{EFD593CA-DCB9-49CC-ABC0-DDE550814006}.Release|Any CPU.Build.0 = Release|Any CPU
		{EFD593CA-DCB9-49CC-ABC0-DDE550814006}.Release|x64.ActiveCfg = Release|Any CPU
		{EFD593CA-DCB9-49CC-ABC0-DDE550814006}.Release|x64.Build.0 = Release|Any CPU
		{EFD593CA-DCB9-49CC-ABC0-DDE550814006}.Release|x86.ActiveCfg = Release|Any CPU
		{EFD593CA-DCB9-49CC-ABC0-DDE550814006}.Release|x86.Build.0 = Release|Any CPU
		{8A30D5BB-3A54-4395-BF4B-D62171BE755A}.Debug|Any CPU.ActiveCfg = Debug|Any CPU
		{8A30D5BB-3A54-4395-BF4B-D62171BE755A}.Debug|Any CPU.Build.0 = Debug|Any CPU
		{8A30D5BB-3A54-4395-BF4B-D62171BE755A}.Debug|x64.ActiveCfg = Debug|Any CPU
		{8A30D5BB-3A54-4395-BF4B-D62171BE755A}.Debug|x64.Build.0 = Debug|Any CPU
		{8A30D5BB-3A54-4395-BF4B-D62171BE755A}.Debug|x86.ActiveCfg = Debug|Any CPU
		{8A30D5BB-3A54-4395-BF4B-D62171BE755A}.Debug|x86.Build.0 = Debug|Any CPU
		{8A30D5BB-3A54-4395-BF4B-D62171BE755A}.Release|Any CPU.ActiveCfg = Release|Any CPU
		{8A30D5BB-3A54-4395-BF4B-D62171BE755A}.Release|Any CPU.Build.0 = Release|Any CPU
		{8A30D5BB-3A54-4395-BF4B-D62171BE755A}.Release|x64.ActiveCfg = Release|Any CPU
		{8A30D5BB-3A54-4395-BF4B-D62171BE755A}.Release|x64.Build.0 = Release|Any CPU
		{8A30D5BB-3A54-4395-BF4B-D62171BE755A}.Release|x86.ActiveCfg = Release|Any CPU
		{8A30D5BB-3A54-4395-BF4B-D62171BE755A}.Release|x86.Build.0 = Release|Any CPU
		{7FE90F05-9731-47ED-80C0-775A0F09B94C}.Debug|Any CPU.ActiveCfg = Debug|Any CPU
		{7FE90F05-9731-47ED-80C0-775A0F09B94C}.Debug|Any CPU.Build.0 = Debug|Any CPU
		{7FE90F05-9731-47ED-80C0-775A0F09B94C}.Debug|x64.ActiveCfg = Debug|Any CPU
		{7FE90F05-9731-47ED-80C0-775A0F09B94C}.Debug|x64.Build.0 = Debug|Any CPU
		{7FE90F05-9731-47ED-80C0-775A0F09B94C}.Debug|x86.ActiveCfg = Debug|Any CPU
		{7FE90F05-9731-47ED-80C0-775A0F09B94C}.Debug|x86.Build.0 = Debug|Any CPU
		{7FE90F05-9731-47ED-80C0-775A0F09B94C}.Release|Any CPU.ActiveCfg = Release|Any CPU
		{7FE90F05-9731-47ED-80C0-775A0F09B94C}.Release|Any CPU.Build.0 = Release|Any CPU
		{7FE90F05-9731-47ED-80C0-775A0F09B94C}.Release|x64.ActiveCfg = Release|Any CPU
		{7FE90F05-9731-47ED-80C0-775A0F09B94C}.Release|x64.Build.0 = Release|Any CPU
		{7FE90F05-9731-47ED-80C0-775A0F09B94C}.Release|x86.ActiveCfg = Release|Any CPU
		{7FE90F05-9731-47ED-80C0-775A0F09B94C}.Release|x86.Build.0 = Release|Any CPU
		{F3690BA2-1A99-42B3-A536-0420A501CAF8}.Debug|Any CPU.ActiveCfg = Debug|Any CPU
		{F3690BA2-1A99-42B3-A536-0420A501CAF8}.Debug|Any CPU.Build.0 = Debug|Any CPU
		{F3690BA2-1A99-42B3-A536-0420A501CAF8}.Debug|x64.ActiveCfg = Debug|Any CPU
		{F3690BA2-1A99-42B3-A536-0420A501CAF8}.Debug|x64.Build.0 = Debug|Any CPU
		{F3690BA2-1A99-42B3-A536-0420A501CAF8}.Debug|x86.ActiveCfg = Debug|Any CPU
		{F3690BA2-1A99-42B3-A536-0420A501CAF8}.Debug|x86.Build.0 = Debug|Any CPU
		{F3690BA2-1A99-42B3-A536-0420A501CAF8}.Release|Any CPU.ActiveCfg = Release|Any CPU
		{F3690BA2-1A99-42B3-A536-0420A501CAF8}.Release|Any CPU.Build.0 = Release|Any CPU
		{F3690BA2-1A99-42B3-A536-0420A501CAF8}.Release|x64.ActiveCfg = Release|Any CPU
		{F3690BA2-1A99-42B3-A536-0420A501CAF8}.Release|x64.Build.0 = Release|Any CPU
		{F3690BA2-1A99-42B3-A536-0420A501CAF8}.Release|x86.ActiveCfg = Release|Any CPU
		{F3690BA2-1A99-42B3-A536-0420A501CAF8}.Release|x86.Build.0 = Release|Any CPU
		{72547096-2CB9-4C3D-85C5-1C11ABBF1F07}.Debug|Any CPU.ActiveCfg = Debug|Any CPU
		{72547096-2CB9-4C3D-85C5-1C11ABBF1F07}.Debug|Any CPU.Build.0 = Debug|Any CPU
		{72547096-2CB9-4C3D-85C5-1C11ABBF1F07}.Debug|x64.ActiveCfg = Debug|Any CPU
		{72547096-2CB9-4C3D-85C5-1C11ABBF1F07}.Debug|x64.Build.0 = Debug|Any CPU
		{72547096-2CB9-4C3D-85C5-1C11ABBF1F07}.Debug|x86.ActiveCfg = Debug|Any CPU
		{72547096-2CB9-4C3D-85C5-1C11ABBF1F07}.Debug|x86.Build.0 = Debug|Any CPU
		{72547096-2CB9-4C3D-85C5-1C11ABBF1F07}.Release|Any CPU.ActiveCfg = Release|Any CPU
		{72547096-2CB9-4C3D-85C5-1C11ABBF1F07}.Release|Any CPU.Build.0 = Release|Any CPU
		{72547096-2CB9-4C3D-85C5-1C11ABBF1F07}.Release|x64.ActiveCfg = Release|Any CPU
		{72547096-2CB9-4C3D-85C5-1C11ABBF1F07}.Release|x64.Build.0 = Release|Any CPU
		{72547096-2CB9-4C3D-85C5-1C11ABBF1F07}.Release|x86.ActiveCfg = Release|Any CPU
		{72547096-2CB9-4C3D-85C5-1C11ABBF1F07}.Release|x86.Build.0 = Release|Any CPU
		{E07751DB-72DC-419B-86E2-06961303B3D9}.Debug|Any CPU.ActiveCfg = Debug|Any CPU
		{E07751DB-72DC-419B-86E2-06961303B3D9}.Debug|Any CPU.Build.0 = Debug|Any CPU
		{E07751DB-72DC-419B-86E2-06961303B3D9}.Debug|x64.ActiveCfg = Debug|Any CPU
		{E07751DB-72DC-419B-86E2-06961303B3D9}.Debug|x64.Build.0 = Debug|Any CPU
		{E07751DB-72DC-419B-86E2-06961303B3D9}.Debug|x86.ActiveCfg = Debug|Any CPU
		{E07751DB-72DC-419B-86E2-06961303B3D9}.Debug|x86.Build.0 = Debug|Any CPU
		{E07751DB-72DC-419B-86E2-06961303B3D9}.Release|Any CPU.ActiveCfg = Release|Any CPU
		{E07751DB-72DC-419B-86E2-06961303B3D9}.Release|Any CPU.Build.0 = Release|Any CPU
		{E07751DB-72DC-419B-86E2-06961303B3D9}.Release|x64.ActiveCfg = Release|Any CPU
		{E07751DB-72DC-419B-86E2-06961303B3D9}.Release|x64.Build.0 = Release|Any CPU
		{E07751DB-72DC-419B-86E2-06961303B3D9}.Release|x86.ActiveCfg = Release|Any CPU
		{E07751DB-72DC-419B-86E2-06961303B3D9}.Release|x86.Build.0 = Release|Any CPU
	EndGlobalSection
	GlobalSection(SolutionProperties) = preSolution
		HideSolutionNode = FALSE
	EndGlobalSection
	GlobalSection(NestedProjects) = preSolution
		{981C2CF6-E5BB-602A-511C-234B538302B0} = {827E0CD3-B72D-47B6-A68D-7590B98EB39B}
		{B290014E-2512-4861-B112-943E4A56D76E} = {981C2CF6-E5BB-602A-511C-234B538302B0}
		{4DF80442-A1E5-CC28-AE7B-27B5F9BFE52B} = {827E0CD3-B72D-47B6-A68D-7590B98EB39B}
		{299E3FF3-A95B-4810-B80E-6B157551F425} = {4DF80442-A1E5-CC28-AE7B-27B5F9BFE52B}
		{C1ED5021-D0AE-42F9-90A0-B76B8283A627} = {4DF80442-A1E5-CC28-AE7B-27B5F9BFE52B}
		{E8FB03F0-C5D0-46C4-9093-99DEED788AF4} = {4DF80442-A1E5-CC28-AE7B-27B5F9BFE52B}
		{55DBC2C6-AB9D-4DDF-A0D8-A950F0DCFBF2} = {4DF80442-A1E5-CC28-AE7B-27B5F9BFE52B}
		{2DF74C48-B75C-461D-8190-F8634BDEBBE7} = {4DF80442-A1E5-CC28-AE7B-27B5F9BFE52B}
		{EC447DCF-ABFA-6E24-52A5-D7FD48A5C558} = {827E0CD3-B72D-47B6-A68D-7590B98EB39B}
		{6EBCFD33-7D2C-6F0C-B60B-6B70B57F5713} = {EC447DCF-ABFA-6E24-52A5-D7FD48A5C558}
		{3F0BC906-55CA-4758-9181-679D445E8E0C} = {6EBCFD33-7D2C-6F0C-B60B-6B70B57F5713}
		{6712A1D1-572F-47ED-821F-0C2F0AD5929B} = {6EBCFD33-7D2C-6F0C-B60B-6B70B57F5713}
		{72ACB282-D9BC-4A08-B809-FBB72D8EFD58} = {6EBCFD33-7D2C-6F0C-B60B-6B70B57F5713}
		{72174F46-087B-4BD2-9D34-6016A4CBA869} = {6EBCFD33-7D2C-6F0C-B60B-6B70B57F5713}
		{9CE653BF-7A52-4A4B-B7DA-39C2837E5955} = {6EBCFD33-7D2C-6F0C-B60B-6B70B57F5713}
		{6FEA55CD-9038-3367-F52F-2FD77CF71706} = {EC447DCF-ABFA-6E24-52A5-D7FD48A5C558}
		{6ABD90BB-C85C-45C4-A986-70D017BB22BC} = {6FEA55CD-9038-3367-F52F-2FD77CF71706}
		{A0D6E16A-32E9-4225-9424-57F298FE063F} = {6FEA55CD-9038-3367-F52F-2FD77CF71706}
		{D7C6DB49-4D99-490A-AACE-A674EB47C378} = {6FEA55CD-9038-3367-F52F-2FD77CF71706}
		{395D3BB7-7CB8-44AB-BBC7-15A8899003F1} = {6FEA55CD-9038-3367-F52F-2FD77CF71706}
		{93A581B1-FAD0-4688-A085-FECEE1B090D3} = {6FEA55CD-9038-3367-F52F-2FD77CF71706}
		{90298CBA-BD6F-3A0A-69D5-97CAD7B05E7E} = {827E0CD3-B72D-47B6-A68D-7590B98EB39B}
		{D039E069-07E1-4E29-8B32-FB2B90BE231B} = {90298CBA-BD6F-3A0A-69D5-97CAD7B05E7E}
		{DBF2918F-7E73-49A9-AE4F-E97AB9AF96A7} = {90298CBA-BD6F-3A0A-69D5-97CAD7B05E7E}
		{284056EC-8174-406D-A3C3-2AFD04EDB3C5} = {90298CBA-BD6F-3A0A-69D5-97CAD7B05E7E}
		{51AA8A10-7D6B-4044-92FD-6BDB872BA3FB} = {90298CBA-BD6F-3A0A-69D5-97CAD7B05E7E}
		{7754A5FB-22EE-487F-B198-1869104C7014} = {90298CBA-BD6F-3A0A-69D5-97CAD7B05E7E}
		{85896903-C11A-550F-4791-5F5C99C50ED1} = {0AB3BF05-4346-4AA6-1389-037BE0695223}
		{924EAF3C-E529-4FC7-9E87-A15CE37AABD8} = {85896903-C11A-550F-4791-5F5C99C50ED1}
		{4ED01977-64FC-3F80-46B0-E78AD5B334DC} = {0AB3BF05-4346-4AA6-1389-037BE0695223}
		{814B1E2B-5501-437C-AE52-3D4639187DE0} = {4ED01977-64FC-3F80-46B0-E78AD5B334DC}
		{DA8A0F5C-4DE5-8F62-9FF1-6DCCE178F9BD} = {0AB3BF05-4346-4AA6-1389-037BE0695223}
		{EFD593CA-DCB9-49CC-ABC0-DDE550814006} = {DA8A0F5C-4DE5-8F62-9FF1-6DCCE178F9BD}
		{0CBD8A84-ADDB-80AC-D34C-93737CE66ECA} = {0AB3BF05-4346-4AA6-1389-037BE0695223}
		{8A30D5BB-3A54-4395-BF4B-D62171BE755A} = {0CBD8A84-ADDB-80AC-D34C-93737CE66ECA}
		{C7681E76-71D0-F6B3-CD73-27CBAEE59458} = {0AB3BF05-4346-4AA6-1389-037BE0695223}
		{7FE90F05-9731-47ED-80C0-775A0F09B94C} = {C7681E76-71D0-F6B3-CD73-27CBAEE59458}
		{86EDF2E8-368E-6ECE-B957-F7D5BC44D527} = {0AB3BF05-4346-4AA6-1389-037BE0695223}
		{F3690BA2-1A99-42B3-A536-0420A501CAF8} = {86EDF2E8-368E-6ECE-B957-F7D5BC44D527}
		{20F39B69-73D7-BD9C-1828-1BD7CC0961A3} = {0AB3BF05-4346-4AA6-1389-037BE0695223}
		{72547096-2CB9-4C3D-85C5-1C11ABBF1F07} = {20F39B69-73D7-BD9C-1828-1BD7CC0961A3}
		{E5AB533E-94D6-5DC6-D574-DB58F629B249} = {0AB3BF05-4346-4AA6-1389-037BE0695223}
		{E07751DB-72DC-419B-86E2-06961303B3D9} = {E5AB533E-94D6-5DC6-D574-DB58F629B249}
	EndGlobalSection
EndGlobal
