
Microsoft Visual Studio Solution File, Format Version 12.00
# Visual Studio Version 17
VisualStudioVersion = 17.0.31903.59
MinimumVisualStudioVersion = 10.0.40219.1
Project("{2150E333-8FDC-42A3-9474-1A3956D46DE8}") = "src", "src", "{827E0CD3-B72D-47B6-A68D-7590B98EB39B}"
EndProject
Project("{2150E333-8FDC-42A3-9474-1A3956D46DE8}") = "Host", "Host", "{981C2CF6-E5BB-602A-511C-234B538302B0}"
EndProject
Project("{FAE04EC0-301F-11D3-BF4B-00C04F79EFBC}") = "SSAS.Host.API", "src\Host\SSAS.Host.API\SSAS.Host.API.csproj", "{B290014E-2512-4861-B112-943E4A56D76E}"
EndProject
Project("{2150E333-8FDC-42A3-9474-1A3956D46DE8}") = "Platform", "Platform", "{4DF80442-A1E5-CC28-AE7B-27B5F9BFE52B}"
EndProject
Project("{FAE04EC0-301F-11D3-BF4B-00C04F79EFBC}") = "SSAS.Platform.API", "src\Platform\SSAS.Platform.API\SSAS.Platform.API.csproj", "{299E3FF3-A95B-4810-B80E-6B157551F425}"
EndProject
Project("{FAE04EC0-301F-11D3-BF4B-00C04F79EFBC}") = "SSAS.Platform.Application", "src\Platform\SSAS.Platform.Application\SSAS.Platform.Application.csproj", "{C1ED5021-D0AE-42F9-90A0-B76B8283A627}"
EndProject
Project("{FAE04EC0-301F-11D3-BF4B-00C04F79EFBC}") = "SSAS.Platform.Domain", "src\Platform\SSAS.Platform.Domain\SSAS.Platform.Domain.csproj", "{E8FB03F0-C5D0-46C4-9093-99DEED788AF4}"
EndProject
Project("{FAE04EC0-301F-11D3-BF4B-00C04F79EFBC}") = "SSAS.Platform.Infrastructure", "src\Platform\SSAS.Platform.Infrastructure\SSAS.Platform.Infrastructure.csproj", "{55DBC2C6-AB9D-4DDF-A0D8-A950F0DCFBF2}"
EndProject
Project("{FAE04EC0-301F-11D3-BF4B-00C04F79EFBC}") = "SSAS.Platform.Contracts", "src\Platform\SSAS.Platform.Contracts\SSAS.Platform.Contracts.csproj", "{2DF74C48-B75C-461D-8190-F8634BDEBBE7}"
EndProject
Project("{2150E333-8FDC-42A3-9474-1A3956D46DE8}") = "Modules", "Modules", "{EC447DCF-ABFA-6E24-52A5-D7FD48A5C558}"
EndProject
Project("{2150E333-8FDC-42A3-9474-1A3956D46DE8}") = "HR", "HR", "{6EBCFD33-7D2C-6F0C-B60B-6B70B57F5713}"
EndProject
Project("{FAE04EC0-301F-11D3-BF4B-00C04F79EFBC}") = "SSAS.HR.API", "src\Modules\HR\SSAS.HR.API\SSAS.HR.API.csproj", "{3F0BC906-55CA-4758-9181-679D445E8E0C}"
EndProject
Project("{FAE04EC0-301F-11D3-BF4B-00C04F79EFBC}") = "SSAS.HR.Application", "src\Modules\HR\SSAS.HR.Application\SSAS.HR.Application.csproj", "{6712A1D1-572F-47ED-821F-0C2F0AD5929B}"
EndProject
Project("{FAE04EC0-301F-11D3-BF4B-00C04F79EFBC}") = "SSAS.HR.Domain", "src\Modules\HR\SSAS.HR.Domain\SSAS.HR.Domain.csproj", "{72ACB282-D9BC-4A08-B809-FBB72D8EFD58}"
EndProject
Project("{FAE04EC0-301F-11D3-BF4B-00C04F79EFBC}") = "SSAS.HR.Infrastructure", "src\Modules\HR\SSAS.HR.Infrastructure\SSAS.HR.Infrastructure.csproj", "{72174F46-087B-4BD2-9D34-6016A4CBA869}"
EndProject
Project("{FAE04EC0-301F-11D3-BF4B-00C04F79EFBC}") = "SSAS.HR.Contracts", "src\Modules\HR\SSAS.HR.Contracts\SSAS.HR.Contracts.csproj", "{9CE653BF-7A52-4A4B-B7DA-39C2837E5955}"
EndProject
Project("{2150E333-8FDC-42A3-9474-1A3956D46DE8}") = "Finance", "Finance", "{6FEA55CD-9038-3367-F52F-2FD77CF71706}"
EndProject
Project("{FAE04EC0-301F-11D3-BF4B-00C04F79EFBC}") = "SSAS.GL.API", "src\Modules\Finance\SSAS.GL.API\SSAS.GL.API.csproj", "{6ABD90BB-C85C-45C4-A986-70D017BB22BC}"
EndProject
Project("{FAE04EC0-301F-11D3-BF4B-00C04F79EFBC}") = "SSAS.GL.Application", "src\Modules\Finance\SSAS.GL.Application\SSAS.GL.Application.csproj", "{A0D6E16A-32E9-4225-9424-57F298FE063F}"
EndProject
Project("{FAE04EC0-301F-11D3-BF4B-00C04F79EFBC}") = "SSAS.GL.Domain", "src\Modules\Finance\SSAS.GL.Domain\SSAS.GL.Domain.csproj", "{D7C6DB49-4D99-490A-AACE-A674EB47C378}"
EndProject
Project("{FAE04EC0-301F-11D3-BF4B-00C04F79EFBC}") = "SSAS.GL.Infrastructure", "src\Modules\Finance\SSAS.GL.Infrastructure\SSAS.GL.Infrastructure.csproj", "{395D3BB7-7CB8-44AB-BBC7-15A8899003F1}"
EndProject
Project("{2150E333-8FDC-42A3-9474-1A3956D46DE8}") = "BuildingBlocks", "BuildingBlocks", "{90298CBA-BD6F-3A0A-69D5-97CAD7B05E7E}"
EndProject
Project("{FAE04EC0-301F-11D3-BF4B-00C04F79EFBC}") = "SSAS.BuildingBlocks.Domain", "src\BuildingBlocks\SSAS.BuildingBlocks.Domain\SSAS.BuildingBlocks.Domain.csproj", "{D039E069-07E1-4E29-8B32-FB2B90BE231B}"
EndProject
Project("{FAE04EC0-301F-11D3-BF4B-00C04F79EFBC}") = "SSAS.BuildingBlocks.Application", "src\BuildingBlocks\SSAS.BuildingBlocks.Application\SSAS.BuildingBlocks.Application.csproj", "{DBF2918F-7E73-49A9-AE4F-E97AB9AF96A7}"
EndProject
Project("{FAE04EC0-301F-11D3-BF4B-00C04F79EFBC}") = "SSAS.BuildingBlocks.Infrastructure", "src\BuildingBlocks\SSAS.BuildingBlocks.Infrastructure\SSAS.BuildingBlocks.Infrastructure.csproj", "{284056EC-8174-406D-A3C3-2AFD04EDB3C5}"
EndProject
Project("{FAE04EC0-301F-11D3-BF4B-00C04F79EFBC}") = "SSAS.BuildingBlocks.Contracts", "src\BuildingBlocks\SSAS.BuildingBlocks.Contracts\SSAS.BuildingBlocks.Contracts.csproj", "{51AA8A10-7D6B-4044-92FD-6BDB872BA3FB}"
EndProject
Project("{FAE04EC0-301F-11D3-BF4B-00C04F79EFBC}") = "SSAS.BuildingBlocks.SharedKernel", "src\BuildingBlocks\SSAS.BuildingBlocks.SharedKernel\SSAS.BuildingBlocks.SharedKernel.csproj", "{7754A5FB-22EE-487F-B198-1869104C7014}"
EndProject
Project("{FAE04EC0-301F-11D3-BF4B-00C04F79EFBC}") = "SSAS.BuildingBlocks.Localization", "src\BuildingBlocks\SSAS.BuildingBlocks.Localization\SSAS.BuildingBlocks.Localization.csproj", "{A5E5D6F2-64B5-4DF8-B77B-61E54C5D9C01}"
EndProject
Project("{2150E333-8FDC-42A3-9474-1A3956D46DE8}") = "tools", "tools", "{A5E5D6F2-64B5-4DF8-B77B-61E54C5D9C02}"
EndProject
Project("{FAE04EC0-301F-11D3-BF4B-00C04F79EFBC}") = "SSAS.Localization.CatalogTool", "tools\SSAS.Localization.CatalogTool\SSAS.Localization.CatalogTool.csproj", "{A5E5D6F2-64B5-4DF8-B77B-61E54C5D9C03}"
EndProject
Project("{2150E333-8FDC-42A3-9474-1A3956D46DE8}") = "tests", "tests", "{0AB3BF05-4346-4AA6-1389-037BE0695223}"
EndProject
Project("{2150E333-8FDC-42A3-9474-1A3956D46DE8}") = "Platform.Tests", "Platform.Tests", "{85896903-C11A-550F-4791-5F5C99C50ED1}"
EndProject
Project("{FAE04EC0-301F-11D3-BF4B-00C04F79EFBC}") = "SSAS.Platform.Tests", "tests\Platform.Tests\SSAS.Platform.Tests.csproj", "{924EAF3C-E529-4FC7-9E87-A15CE37AABD8}"
EndProject
Project("{2150E333-8FDC-42A3-9474-1A3956D46DE8}") = "HR.Tests", "HR.Tests", "{4ED01977-64FC-3F80-46B0-E78AD5B334DC}"
EndProject
Project("{FAE04EC0-301F-11D3-BF4B-00C04F79EFBC}") = "SSAS.HR.Tests", "tests\HR.Tests\SSAS.HR.Tests.csproj", "{814B1E2B-5501-437C-AE52-3D4639187DE0}"
EndProject
Project("{2150E333-8FDC-42A3-9474-1A3956D46DE8}") = "Finance.Tests", "Finance.Tests", "{DA8A0F5C-4DE5-8F62-9FF1-6DCCE178F9BD}"
EndProject
Project("{FAE04EC0-301F-11D3-BF4B-00C04F79EFBC}") = "SSAS.Finance.Tests", "tests\Finance.Tests\SSAS.Finance.Tests.csproj", "{EFD593CA-DCB9-49CC-ABC0-DDE550814006}"
EndProject
Project("{2150E333-8FDC-42A3-9474-1A3956D46DE8}") = "Integration.Tests", "Integration.Tests", "{0CBD8A84-ADDB-80AC-D34C-93737CE66ECA}"
EndProject
Project("{FAE04EC0-301F-11D3-BF4B-00C04F79EFBC}") = "SSAS.Integration.Tests", "tests\Integration.Tests\SSAS.Integration.Tests.csproj", "{8A30D5BB-3A54-4395-BF4B-D62171BE755A}"
EndProject
Project("{2150E333-8FDC-42A3-9474-1A3956D46DE8}") = "API.Tests", "API.Tests", "{C7681E76-71D0-F6B3-CD73-27CBAEE59458}"
EndProject
Project("{FAE04EC0-301F-11D3-BF4B-00C04F79EFBC}") = "SSAS.API.Tests", "tests\API.Tests\SSAS.API.Tests.csproj", "{7FE90F05-9731-47ED-80C0-775A0F09B94C}"
EndProject
Project("{2150E333-8FDC-42A3-9474-1A3956D46DE8}") = "UI.Tests", "UI.Tests", "{86EDF2E8-368E-6ECE-B957-F7D5BC44D527}"
EndProject
Project("{FAE04EC0-301F-11D3-BF4B-00C04F79EFBC}") = "SSAS.UI.Tests", "tests\UI.Tests\SSAS.UI.Tests.csproj", "{F3690BA2-1A99-42B3-A536-0420A501CAF8}"
EndProject
Project("{2150E333-8FDC-42A3-9474-1A3956D46DE8}") = "Performance.Tests", "Performance.Tests", "{20F39B69-73D7-BD9C-1828-1BD7CC0961A3}"
EndProject
Project("{FAE04EC0-301F-11D3-BF4B-00C04F79EFBC}") = "SSAS.Performance.Tests", "tests\Performance.Tests\SSAS.Performance.Tests.csproj", "{72547096-2CB9-4C3D-85C5-1C11ABBF1F07}"
EndProject
Project("{2150E333-8FDC-42A3-9474-1A3956D46DE8}") = "Architecture.Tests", "Architecture.Tests", "{E5AB533E-94D6-5DC6-D574-DB58F629B249}"
EndProject
Project("{FAE04EC0-301F-11D3-BF4B-00C04F79EFBC}") = "SSAS.Architecture.Tests", "tests\Architecture.Tests\SSAS.Architecture.Tests.csproj", "{E07751DB-72DC-419B-86E2-06961303B3D9}"
EndProject
Project("{FAE04EC0-301F-11D3-BF4B-00C04F79EFBC}") = "SSAS.TestSupport.VerificationHost", "tests\TestSupport\SSAS.TestSupport.VerificationHost\SSAS.TestSupport.VerificationHost.csproj", "{A3316750-C636-4800-A2AD-69D24DC05FAD}"
EndProject
Project("{FAE04EC0-301F-11D3-BF4B-00C04F79EFBC}") = "SSAS.BuildingBlocks.Tenancy", "src\BuildingBlocks\SSAS.BuildingBlocks.Tenancy\SSAS.BuildingBlocks.Tenancy.csproj", "{ABB47130-4A32-4185-8660-F770306EB19B}"
EndProject
Project("{2150E333-8FDC-42A3-9474-1A3956D46DE8}") = "tools", "tools", "{C556BB27-3633-4668-9944-D20FAAD0A055}"
EndProject
Project("{FAE04EC0-301F-11D3-BF4B-00C04F79EFBC}") = "SSAS.Tenant.MigrationTool", "tools\SSAS.Tenant.MigrationTool\SSAS.Tenant.MigrationTool.csproj", "{FC890D3C-61DE-4D62-BACF-0A1211C2EB1B}"
EndProject
Project("{FAE04EC0-301F-11D3-BF4B-00C04F79EFBC}") = "SSAS.BuildingBlocks.Api", "src\BuildingBlocks\SSAS.BuildingBlocks.Api\SSAS.BuildingBlocks.Api.csproj", "{A772F336-8548-446F-B4FB-8315A222AC74}"
EndProject
Project("{2150E333-8FDC-42A3-9474-1A3956D46DE8}") = "Modules", "Modules", "{87015C4C-08CC-499A-AD93-351459EE7DFB}"
EndProject
Project("{FAE04EC0-301F-11D3-BF4B-00C04F79EFBC}") = "SSAS.Payroll.API", "src\Modules\Payroll\SSAS.Payroll.API\SSAS.Payroll.API.csproj", "{5FBBD013-589D-467F-8DEC-08A8DE32CA24}"
EndProject
Project("{FAE04EC0-301F-11D3-BF4B-00C04F79EFBC}") = "SSAS.GL.Contracts", "src\Modules\Finance\SSAS.GL.Contracts\SSAS.GL.Contracts.csproj", "{18F3320F-ACCE-4D80-803E-3FE25A4068E7}"
EndProject
Project("{FAE04EC0-301F-11D3-BF4B-00C04F79EFBC}") = "SSAS.Payroll.Domain", "src\Modules\Payroll\SSAS.Payroll.Domain\SSAS.Payroll.Domain.csproj", "{4CAB5B60-6A7F-44CC-A15A-12CCB27757FE}"
EndProject
Project("{FAE04EC0-301F-11D3-BF4B-00C04F79EFBC}") = "SSAS.Payroll.Application", "src\Modules\Payroll\SSAS.Payroll.Application\SSAS.Payroll.Application.csproj", "{DE0D1CA7-A1A5-4818-B400-6E14B7F73851}"
EndProject
Project("{FAE04EC0-301F-11D3-BF4B-00C04F79EFBC}") = "SSAS.Payroll.Infrastructure", "src\Modules\Payroll\SSAS.Payroll.Infrastructure\SSAS.Payroll.Infrastructure.csproj", "{CA14BA5C-05B8-4E6F-83B5-3FAB77A138F4}"
EndProject
Project("{FAE04EC0-301F-11D3-BF4B-00C04F79EFBC}") = "SSAS.Payroll.Tests", "tests\Payroll.Tests\SSAS.Payroll.Tests.csproj", "{979A73DB-6D5B-43A4-B284-D2BE25C26D5E}"
EndProject
Project("{2150E333-8FDC-42A3-9474-1A3956D46DE8}") = "Attendance", "Attendance", "{C4D13814-1BD1-49D1-AD3F-4F7DC75D18CF}"
EndProject
Project("{FAE04EC0-301F-11D3-BF4B-00C04F79EFBC}") = "SSAS.Attendance.Contracts", "src\Modules\Attendance\SSAS.Attendance.Contracts\SSAS.Attendance.Contracts.csproj", "{E03D81CF-4043-4D05-9C30-FB3EC304DCE4}"
EndProject
Project("{FAE04EC0-301F-11D3-BF4B-00C04F79EFBC}") = "SSAS.Attendance.Domain", "src\Modules\Attendance\SSAS.Attendance.Domain\SSAS.Attendance.Domain.csproj", "{5E033851-B19A-48D8-939E-79975F13E13F}"
EndProject
Project("{FAE04EC0-301F-11D3-BF4B-00C04F79EFBC}") = "SSAS.Attendance.Application", "src\Modules\Attendance\SSAS.Attendance.Application\SSAS.Attendance.Application.csproj", "{FC90AA85-CD20-4056-8D12-8B2CA1B06C0C}"
EndProject
Project("{FAE04EC0-301F-11D3-BF4B-00C04F79EFBC}") = "SSAS.Attendance.Infrastructure", "src\Modules\Attendance\SSAS.Attendance.Infrastructure\SSAS.Attendance.Infrastructure.csproj", "{F746461C-7D94-4852-A72E-93632C9A5526}"
EndProject
Project("{FAE04EC0-301F-11D3-BF4B-00C04F79EFBC}") = "SSAS.Attendance.API", "src\Modules\Attendance\SSAS.Attendance.API\SSAS.Attendance.API.csproj", "{86736933-DE0A-4E85-B6DB-F57510B7A55A}"
EndProject
Project("{FAE04EC0-301F-11D3-BF4B-00C04F79EFBC}") = "SSAS.Attendance.Tests", "tests\Attendance.Tests\SSAS.Attendance.Tests.csproj", "{95852A16-ADC2-4157-9705-303E8D5BA8CB}"
EndProject
Project("{2150E333-8FDC-42A3-9474-1A3956D46DE8}") = "TestSupport", "TestSupport", "{B9BCA5AD-5030-490D-9FFE-C24F07E80636}"
EndProject
Project("{FAE04EC0-301F-11D3-BF4B-00C04F79EFBC}") = "SSAS.TestSupport.CutoverModel", "tests\TestSupport\SSAS.TestSupport.CutoverModel\SSAS.TestSupport.CutoverModel.csproj", "{2EF8D32B-BCB4-42F2-BBB1-8D65F0D4674D}"
EndProject
Global
	GlobalSection(SolutionConfigurationPlatforms) = preSolution
		Debug|Any CPU = Debug|Any CPU
		Debug|x64 = Debug|x64
		Debug|x86 = Debug|x86
		Release|Any CPU = Release|Any CPU
		Release|x64 = Release|x64
		Release|x86 = Release|x86
	EndGlobalSection
	GlobalSection(ProjectConfigurationPlatforms) = postSolution
		{B290014E-2512-4861-B112-943E4A56D76E}.Debug|Any CPU.ActiveCfg = Debug|Any CPU
		{B290014E-2512-4861-B112-943E4A56D76E}.Debug|Any CPU.Build.0 = Debug|Any CPU
		{B290014E-2512-4861-B112-943E4A56D76E}.Debug|x64.ActiveCfg = Debug|Any CPU
		{B290014E-2512-4861-B112-943E4A56D76E}.Debug|x64.Build.0 = Debug|Any CPU
		{B290014E-2512-4861-B112-943E4A56D76E}.Debug|x86.ActiveCfg = Debug|Any CPU
		{B290014E-2512-4861-B112-943E4A56D76E}.Debug|x86.Build.0 = Debug|Any CPU
		{B290014E-2512-4861-B112-943E4A56D76E}.Release|Any CPU.ActiveCfg = Release|Any CPU
		{B290014E-2512-4861-B112-943E4A56D76E}.Release|Any CPU.Build.0 = Release|Any CPU
		{B290014E-2512-4861-B112-943E4A56D76E}.Release|x64.ActiveCfg = Release|Any CPU
		{B290014E-2512-4861-B112-943E4A56D76E}.Release|x64.Build.0 = Release|Any CPU
		{B290014E-2512-4861-B112-943E4A56D76E}.Release|x86.ActiveCfg = Release|Any CPU
		{B290014E-2512-4861-B112-943E4A56D76E}.Release|x86.Build.0 = Release|Any CPU
		{299E3FF3-A95B-4810-B80E-6B157551F425}.Debug|Any CPU.ActiveCfg = Debug|Any CPU
		{299E3FF3-A95B-4810-B80E-6B157551F425}.Debug|Any CPU.Build.0 = Debug|Any CPU
		{299E3FF3-A95B-4810-B80E-6B157551F425}.Debug|x64.ActiveCfg = Debug|Any CPU
		{299E3FF3-A95B-4810-B80E-6B157551F425}.Debug|x64.Build.0 = Debug|Any CPU
		{299E3FF3-A95B-4810-B80E-6B157551F425}.Debug|x86.ActiveCfg = Debug|Any CPU
		{299E3FF3-A95B-4810-B80E-6B157551F425}.Debug|x86.Build.0 = Debug|Any CPU
		{299E3FF3-A95B-4810-B80E-6B157551F425}.Release|Any CPU.ActiveCfg = Release|Any CPU
		{299E3FF3-A95B-4810-B80E-6B157551F425}.Release|Any CPU.Build.0 = Release|Any CPU
		{299E3FF3-A95B-4810-B80E-6B157551F425}.Release|x64.ActiveCfg = Release|Any CPU
		{299E3FF3-A95B-4810-B80E-6B157551F425}.Release|x64.Build.0 = Release|Any CPU
		{299E3FF3-A95B-4810-B80E-6B157551F425}.Release|x86.ActiveCfg = Release|Any CPU
		{299E3FF3-A95B-4810-B80E-6B157551F425}.Release|x86.Build.0 = Release|Any CPU
		{C1ED5021-D0AE-42F9-90A0-B76B8283A627}.Debug|Any CPU.ActiveCfg = Debug|Any CPU
		{C1ED5021-D0AE-42F9-90A0-B76B8283A627}.Debug|Any CPU.Build.0 = Debug|Any CPU
		{C1ED5021-D0AE-42F9-90A0-B76B8283A627}.Debug|x64.ActiveCfg = Debug|Any CPU
		{C1ED5021-D0AE-42F9-90A0-B76B8283A627}.Debug|x64.Build.0 = Debug|Any CPU
		{C1ED5021-D0AE-42F9-90A0-B76B8283A627}.Debug|x86.ActiveCfg = Debug|Any CPU
		{C1ED5021-D0AE-42F9-90A0-B76B8283A627}.Debug|x86.Build.0 = Debug|Any CPU
		{C1ED5021-D0AE-42F9-90A0-B76B8283A627}.Release|Any CPU.ActiveCfg = Release|Any CPU
		{C1ED5021-D0AE-42F9-90A0-B76B8283A627}.Release|Any CPU.Build.0 = Release|Any CPU
		{C1ED5021-D0AE-42F9-90A0-B76B8283A627}.Release|x64.ActiveCfg = Release|Any CPU
		{C1ED5021-D0AE-42F9-90A0-B76B8283A627}.Release|x64.Build.0 = Release|Any CPU
		{C1ED5021-D0AE-42F9-90A0-B76B8283A627}.Release|x86.ActiveCfg = Release|Any CPU
		{C1ED5021-D0AE-42F9-90A0-B76B8283A627}.Release|x86.Build.0 = Release|Any CPU
		{E8FB03F0-C5D0-46C4-9093-99DEED788AF4}.Debug|Any CPU.ActiveCfg = Debug|Any CPU
		{E8FB03F0-C5D0-46C4-9093-99DEED788AF4}.Debug|Any CPU.Build.0 = Debug|Any CPU
		{E8FB03F0-C5D0-46C4-9093-99DEED788AF4}.Debug|x64.ActiveCfg = Debug|Any CPU
		{E8FB03F0-C5D0-46C4-9093-99DEED788AF4}.Debug|x64.Build.0 = Debug|Any CPU
		{E8FB03F0-C5D0-46C4-9093-99DEED788AF4}.Debug|x86.ActiveCfg = Debug|Any CPU
		{E8FB03F0-C5D0-46C4-9093-99DEED788AF4}.Debug|x86.Build.0 = Debug|Any CPU
		{E8FB03F0-C5D0-46C4-9093-99DEED788AF4}.Release|Any CPU.ActiveCfg = Release|Any CPU
		{E8FB03F0-C5D0-46C4-9093-99DEED788AF4}.Release|Any CPU.Build.0 = Release|Any CPU
		{E8FB03F0-C5D0-46C4-9093-99DEED788AF4}.Release|x64.ActiveCfg = Release|Any CPU
		{E8FB03F0-C5D0-46C4-9093-99DEED788AF4}.Release|x64.Build.0 = Release|Any CPU
		{E8FB03F0-C5D0-46C4-9093-99DEED788AF4}.Release|x86.ActiveCfg = Release|Any CPU
		{E8FB03F0-C5D0-46C4-9093-99DEED788AF4}.Release|x86.Build.0 = Release|Any CPU
		{55DBC2C6-AB9D-4DDF-A0D8-A950F0DCFBF2}.Debug|Any CPU.ActiveCfg = Debug|Any CPU
		{55DBC2C6-AB9D-4DDF-A0D8-A950F0DCFBF2}.Debug|Any CPU.Build.0 = Debug|Any CPU
		{55DBC2C6-AB9D-4DDF-A0D8-A950F0DCFBF2}.Debug|x64.ActiveCfg = Debug|Any CPU
		{55DBC2C6-AB9D-4DDF-A0D8-A950F0DCFBF2}.Debug|x64.Build.0 = Debug|Any CPU
		{55DBC2C6-AB9D-4DDF-A0D8-A950F0DCFBF2}.Debug|x86.ActiveCfg = Debug|Any CPU
		{55DBC2C6-AB9D-4DDF-A0D8-A950F0DCFBF2}.Debug|x86.Build.0 = Debug|Any CPU
		{55DBC2C6-AB9D-4DDF-A0D8-A950F0DCFBF2}.Release|Any CPU.ActiveCfg = Release|Any CPU
		{55DBC2C6-AB9D-4DDF-A0D8-A950F0DCFBF2}.Release|Any CPU.Build.0 = Release|Any CPU
		{55DBC2C6-AB9D-4DDF-A0D8-A950F0DCFBF2}.Release|x64.ActiveCfg = Release|Any CPU
		{55DBC2C6-AB9D-4DDF-A0D8-A950F0DCFBF2}.Release|x64.Build.0 = Release|Any CPU
		{55DBC2C6-AB9D-4DDF-A0D8-A950F0DCFBF2}.Release|x86.ActiveCfg = Release|Any CPU
		{55DBC2C6-AB9D-4DDF-A0D8-A950F0DCFBF2}.Release|x86.Build.0 = Release|Any CPU
		{2DF74C48-B75C-461D-8190-F8634BDEBBE7}.Debug|Any CPU.ActiveCfg = Debug|Any CPU
		{2DF74C48-B75C-461D-8190-F8634BDEBBE7}.Debug|Any CPU.Build.0 = Debug|Any CPU
		{2DF74C48-B75C-461D-8190-F8634BDEBBE7}.Debug|x64.ActiveCfg = Debug|Any CPU
		{2DF74C48-B75C-461D-8190-F8634BDEBBE7}.Debug|x64.Build.0 = Debug|Any CPU
		{2DF74C48-B75C-461D-8190-F8634BDEBBE7}.Debug|x86.ActiveCfg = Debug|Any CPU
		{2DF74C48-B75C-461D-8190-F8634BDEBBE7}.Debug|x86.Build.0 = Debug|Any CPU
		{2DF74C48-B75C-461D-8190-F8634BDEBBE7}.Release|Any CPU.ActiveCfg = Release|Any CPU
		{2DF74C48-B75C-461D-8190-F8634BDEBBE7}.Release|Any CPU.Build.0 = Release|Any CPU
		{2DF74C48-B75C-461D-8190-F8634BDEBBE7}.Release|x64.ActiveCfg = Release|Any CPU
		{2DF74C48-B75C-461D-8190-F8634BDEBBE7}.Release|x64.Build.0 = Release|Any CPU
		{2DF74C48-B75C-461D-8190-F8634BDEBBE7}.Release|x86.ActiveCfg = Release|Any CPU
		{2DF74C48-B75C-461D-8190-F8634BDEBBE7}.Release|x86.Build.0 = Release|Any CPU
		{3F0BC906-55CA-4758-9181-679D445E8E0C}.Debug|Any CPU.ActiveCfg = Debug|Any CPU
		{3F0BC906-55CA-4758-9181-679D445E8E0C}.Debug|Any CPU.Build.0 = Debug|Any CPU
		{3F0BC906-55CA-4758-9181-679D445E8E0C}.Debug|x64.ActiveCfg = Debug|Any CPU
		{3F0BC906-55CA-4758-9181-679D445E8E0C}.Debug|x64.Build.0 = Debug|Any CPU
		{3F0BC906-55CA-4758-9181-679D445E8E0C}.Debug|x86.ActiveCfg = Debug|Any CPU
		{3F0BC906-55CA-4758-9181-679D445E8E0C}.Debug|x86.Build.0 = Debug|Any CPU
		{3F0BC906-55CA-4758-9181-679D445E8E0C}.Release|Any CPU.ActiveCfg = Release|Any CPU
		{3F0BC906-55CA-4758-9181-679D445E8E0C}.Release|Any CPU.Build.0 = Release|Any CPU
		{3F0BC906-55CA-4758-9181-679D445E8E0C}.Release|x64.ActiveCfg = Release|Any CPU
		{3F0BC906-55CA-4758-9181-679D445E8E0C}.Release|x64.Build.0 = Release|Any CPU
		{3F0BC906-55CA-4758-9181-679D445E8E0C}.Release|x86.ActiveCfg = Release|Any CPU
		{3F0BC906-55CA-4758-9181-679D445E8E0C}.Release|x86.Build.0 = Release|Any CPU
		{6712A1D1-572F-47ED-821F-0C2F0AD5929B}.Debug|Any CPU.ActiveCfg = Debug|Any CPU
		{6712A1D1-572F-47ED-821F-0C2F0AD5929B}.Debug|Any CPU.Build.0 = Debug|Any CPU
		{6712A1D1-572F-47ED-821F-0C2F0AD5929B}.Debug|x64.ActiveCfg = Debug|Any CPU
		{6712A1D1-572F-47ED-821F-0C2F0AD5929B}.Debug|x64.Build.0 = Debug|Any CPU
		{6712A1D1-572F-47ED-821F-0C2F0AD5929B}.Debug|x86.ActiveCfg = Debug|Any CPU
		{6712A1D1-572F-47ED-821F-0C2F0AD5929B}.Debug|x86.Build.0 = Debug|Any CPU
		{6712A1D1-572F-47ED-821F-0C2F0AD5929B}.Release|Any CPU.ActiveCfg = Release|Any CPU
		{6712A1D1-572F-47ED-821F-0C2F0AD5929B}.Release|Any CPU.Build.0 = Release|Any CPU
		{6712A1D1-572F-47ED-821F-0C2F0AD5929B}.Release|x64.ActiveCfg = Release|Any CPU
		{6712A1D1-572F-47ED-821F-0C2F0AD5929B}.Release|x64.Build.0 = Release|Any CPU
		{6712A1D1-572F-47ED-821F-0C2F0AD5929B}.Release|x86.ActiveCfg = Release|Any CPU
		{6712A1D1-572F-47ED-821F-0C2F0AD5929B}.Release|x86.Build.0 = Release|Any CPU
		{72ACB282-D9BC-4A08-B809-FBB72D8EFD58}.Debug|Any CPU.ActiveCfg = Debug|Any CPU
		{72ACB282-D9BC-4A08-B809-FBB72D8EFD58}.Debug|Any CPU.Build.0 = Debug|Any CPU
		{72ACB282-D9BC-4A08-B809-FBB72D8EFD58}.Debug|x64.ActiveCfg = Debug|Any CPU
		{72ACB282-D9BC-4A08-B809-FBB72D8EFD58}.Debug|x64.Build.0 = Debug|Any CPU
		{72ACB282-D9BC-4A08-B809-FBB72D8EFD58}.Debug|x86.ActiveCfg = Debug|Any CPU
		{72ACB282-D9BC-4A08-B809-FBB72D8EFD58}.Debug|x86.Build.0 = Debug|Any CPU
		{72ACB282-D9BC-4A08-B809-FBB72D8EFD58}.Release|Any CPU.ActiveCfg = Release|Any CPU
		{72ACB282-D9BC-4A08-B809-FBB72D8EFD58}.Release|Any CPU.Build.0 = Release|Any CPU
		{72ACB282-D9BC-4A08-B809-FBB72D8EFD58}.Release|x64.ActiveCfg = Release|Any CPU
		{72ACB282-D9BC-4A08-B809-FBB72D8EFD58}.Release|x64.Build.0 = Release|Any CPU
		{72ACB282-D9BC-4A08-B809-FBB72D8EFD58}.Release|x86.ActiveCfg = Release|Any CPU
		{72ACB282-D9BC-4A08-B809-FBB72D8EFD58}.Release|x86.Build.0 = Release|Any CPU
		{72174F46-087B-4BD2-9D34-6016A4CBA869}.Debug|Any CPU.ActiveCfg = Debug|Any CPU
		{72174F46-087B-4BD2-9D34-6016A4CBA869}.Debug|Any CPU.Build.0 = Debug|Any CPU
		{72174F46-087B-4BD2-9D34-6016A4CBA869}.Debug|x64.ActiveCfg = Debug|Any CPU
		{72174F46-087B-4BD2-9D34-6016A4CBA869}.Debug|x64.Build.0 = Debug|Any CPU
		{72174F46-087B-4BD2-9D34-6016A4CBA869}.Debug|x86.ActiveCfg = Debug|Any CPU
		{72174F46-087B-4BD2-9D34-6016A4CBA869}.Debug|x86.Build.0 = Debug|Any CPU
		{72174F46-087B-4BD2-9D34-6016A4CBA869}.Release|Any CPU.ActiveCfg = Release|Any CPU
		{72174F46-087B-4BD2-9D34-6016A4CBA869}.Release|Any CPU.Build.0 = Release|Any CPU
		{72174F46-087B-4BD2-9D34-6016A4CBA869}.Release|x64.ActiveCfg = Release|Any CPU
		{72174F46-087B-4BD2-9D34-6016A4CBA869}.Release|x64.Build.0 = Release|Any CPU
		{72174F46-087B-4BD2-9D34-6016A4CBA869}.Release|x86.ActiveCfg = Release|Any CPU
		{72174F46-087B-4BD2-9D34-6016A4CBA869}.Release|x86.Build.0 = Release|Any CPU
		{9CE653BF-7A52-4A4B-B7DA-39C2837E5955}.Debug|Any CPU.ActiveCfg = Debug|Any CPU
		{9CE653BF-7A52-4A4B-B7DA-39C2837E5955}.Debug|Any CPU.Build.0 = Debug|Any CPU
		{9CE653BF-7A52-4A4B-B7DA-39C2837E5955}.Debug|x64.ActiveCfg = Debug|Any CPU
		{9CE653BF-7A52-4A4B-B7DA-39C2837E5955}.Debug|x64.Build.0 = Debug|Any CPU
		{9CE653BF-7A52-4A4B-B7DA-39C2837E5955}.Debug|x86.ActiveCfg = Debug|Any CPU
		{9CE653BF-7A52-4A4B-B7DA-39C2837E5955}.Debug|x86.Build.0 = Debug|Any CPU
		{9CE653BF-7A52-4A4B-B7DA-39C2837E5955}.Release|Any CPU.ActiveCfg = Release|Any CPU
		{9CE653BF-7A52-4A4B-B7DA-39C2837E5955}.Release|Any CPU.Build.0 = Release|Any CPU
		{9CE653BF-7A52-4A4B-B7DA-39C2837E5955}.Release|x64.ActiveCfg = Release|Any CPU
		{9CE653BF-7A52-4A4B-B7DA-39C2837E5955}.Release|x64.Build.0 = Release|Any CPU
		{9CE653BF-7A52-4A4B-B7DA-39C2837E5955}.Release|x86.ActiveCfg = Release|Any CPU
		{9CE653BF-7A52-4A4B-B7DA-39C2837E5955}.Release|x86.Build.0 = Release|Any CPU
		{6ABD90BB-C85C-45C4-A986-70D017BB22BC}.Debug|Any CPU.ActiveCfg = Debug|Any CPU
		{6ABD90BB-C85C-45C4-A986-70D017BB22BC}.Debug|Any CPU.Build.0 = Debug|Any CPU
		{6ABD90BB-C85C-45C4-A986-70D017BB22BC}.Debug|x64.ActiveCfg = Debug|Any CPU
		{6ABD90BB-C85C-45C4-A986-70D017BB22BC}.Debug|x64.Build.0 = Debug|Any CPU
		{6ABD90BB-C85C-45C4-A986-70D017BB22BC}.Debug|x86.ActiveCfg = Debug|Any CPU
		{6ABD90BB-C85C-45C4-A986-70D017BB22BC}.Debug|x86.Build.0 = Debug|Any CPU
		{6ABD90BB-C85C-45C4-A986-70D017BB22BC}.Release|Any CPU.ActiveCfg = Release|Any CPU
		{6ABD90BB-C85C-45C4-A986-70D017BB22BC}.Release|Any CPU.Build.0 = Release|Any CPU
		{6ABD90BB-C85C-45C4-A986-70D017BB22BC}.Release|x64.ActiveCfg = Release|Any CPU
		{6ABD90BB-C85C-45C4-A986-70D017BB22BC}.Release|x64.Build.0 = Release|Any CPU
		{6ABD90BB-C85C-45C4-A986-70D017BB22BC}.Release|x86.ActiveCfg = Release|Any CPU
		{6ABD90BB-C85C-45C4-A986-70D017BB22BC}.Release|x86.Build.0 = Release|Any CPU
		{A0D6E16A-32E9-4225-9424-57F298FE063F}.Debug|Any CPU.ActiveCfg = Debug|Any CPU
		{A0D6E16A-32E9-4225-9424-57F298FE063F}.Debug|Any CPU.Build.0 = Debug|Any CPU
		{A0D6E16A-32E9-4225-9424-57F298FE063F}.Debug|x64.ActiveCfg = Debug|Any CPU
		{A0D6E16A-32E9-4225-9424-57F298FE063F}.Debug|x64.Build.0 = Debug|Any CPU
		{A0D6E16A-32E9-4225-9424-57F298FE063F}.Debug|x86.ActiveCfg = Debug|Any CPU
		{A0D6E16A-32E9-4225-9424-57F298FE063F}.Debug|x86.Build.0 = Debug|Any CPU
		{A0D6E16A-32E9-4225-9424-57F298FE063F}.Release|Any CPU.ActiveCfg = Release|Any CPU
		{A0D6E16A-32E9-4225-9424-57F298FE063F}.Release|Any CPU.Build.0 = Release|Any CPU
		{A0D6E16A-32E9-4225-9424-57F298FE063F}.Release|x64.ActiveCfg = Release|Any CPU
		{A0D6E16A-32E9-4225-9424-57F298FE063F}.Release|x64.Build.0 = Release|Any CPU
		{A0D6E16A-32E9-4225-9424-57F298FE063F}.Release|x86.ActiveCfg = Release|Any CPU
		{A0D6E16A-32E9-4225-9424-57F298FE063F}.Release|x86.Build.0 = Release|Any CPU
		{D7C6DB49-4D99-490A-AACE-A674EB47C378}.Debug|Any CPU.ActiveCfg = Debug|Any CPU
		{D7C6DB49-4D99-490A-AACE-A674EB47C378}.Debug|Any CPU.Build.0 = Debug|Any CPU
		{D7C6DB49-4D99-490A-AACE-A674EB47C378}.Debug|x64.ActiveCfg = Debug|Any CPU
		{D7C6DB49-4D99-490A-AACE-A674EB47C378}.Debug|x64.Build.0 = Debug|Any CPU
		{D7C6DB49-4D99-490A-AACE-A674EB47C378}.Debug|x86.ActiveCfg = Debug|Any CPU
		{D7C6DB49-4D99-490A-AACE-A674EB47C378}.Debug|x86.Build.0 = Debug|Any CPU
		{D7C6DB49-4D99-490A-AACE-A674EB47C378}.Release|Any CPU.ActiveCfg = Release|Any CPU
		{D7C6DB49-4D99-490A-AACE-A674EB47C378}.Release|Any CPU.Build.0 = Release|Any CPU
		{D7C6DB49-4D99-490A-AACE-A674EB47C378}.Release|x64.ActiveCfg = Release|Any CPU
		{D7C6DB49-4D99-490A-AACE-A674EB47C378}.Release|x64.Build.0 = Release|Any CPU
		{D7C6DB49-4D99-490A-AACE-A674EB47C378}.Release|x86.ActiveCfg = Release|Any CPU
		{D7C6DB49-4D99-490A-AACE-A674EB47C378}.Release|x86.Build.0 = Release|Any CPU
		{395D3BB7-7CB8-44AB-BBC7-15A8899003F1}.Debug|Any CPU.ActiveCfg = Debug|Any CPU
		{395D3BB7-7CB8-44AB-BBC7-15A8899003F1}.Debug|Any CPU.Build.0 = Debug|Any CPU
		{395D3BB7-7CB8-44AB-BBC7-15A8899003F1}.Debug|x64.ActiveCfg = Debug|Any CPU
		{395D3BB7-7CB8-44AB-BBC7-15A8899003F1}.Debug|x64.Build.0 = Debug|Any CPU
		{395D3BB7-7CB8-44AB-BBC7-15A8899003F1}.Debug|x86.ActiveCfg = Debug|Any CPU
		{395D3BB7-7CB8-44AB-BBC7-15A8899003F1}.Debug|x86.Build.0 = Debug|Any CPU
		{395D3BB7-7CB8-44AB-BBC7-15A8899003F1}.Release|Any CPU.ActiveCfg = Release|Any CPU
		{395D3BB7-7CB8-44AB-BBC7-15A8899003F1}.Release|Any CPU.Build.0 = Release|Any CPU
		{395D3BB7-7CB8-44AB-BBC7-15A8899003F1}.Release|x64.ActiveCfg = Release|Any CPU
		{395D3BB7-7CB8-44AB-BBC7-15A8899003F1}.Release|x64.Build.0 = Release|Any CPU
		{395D3BB7-7CB8-44AB-BBC7-15A8899003F1}.Release|x86.ActiveCfg = Release|Any CPU
		{395D3BB7-7CB8-44AB-BBC7-15A8899003F1}.Release|x86.Build.0 = Release|Any CPU
		{D039E069-07E1-4E29-8B32-FB2B90BE231B}.Debug|Any CPU.ActiveCfg = Debug|Any CPU
		{D039E069-07E1-4E29-8B32-FB2B90BE231B}.Debug|Any CPU.Build.0 = Debug|Any CPU
		{D039E069-07E1-4E29-8B32-FB2B90BE231B}.Debug|x64.ActiveCfg = Debug|Any CPU
		{D039E069-07E1-4E29-8B32-FB2B90BE231B}.Debug|x64.Build.0 = Debug|Any CPU
		{D039E069-07E1-4E29-8B32-FB2B90BE231B}.Debug|x86.ActiveCfg = Debug|Any CPU
		{D039E069-07E1-4E29-8B32-FB2B90BE231B}.Debug|x86.Build.0 = Debug|Any CPU
		{D039E069-07E1-4E29-8B32-FB2B90BE231B}.Release|Any CPU.ActiveCfg = Release|Any CPU
		{D039E069-07E1-4E29-8B32-FB2B90BE231B}.Release|Any CPU.Build.0 = Release|Any CPU
		{D039E069-07E1-4E29-8B32-FB2B90BE231B}.Release|x64.ActiveCfg = Release|Any CPU
		{D039E069-07E1-4E29-8B32-FB2B90BE231B}.Release|x64.Build.0 = Release|Any CPU
		{D039E069-07E1-4E29-8B32-FB2B90BE231B}.Release|x86.ActiveCfg = Release|Any CPU
		{D039E069-07E1-4E29-8B32-FB2B90BE231B}.Release|x86.Build.0 = Release|Any CPU
		{DBF2918F-7E73-49A9-AE4F-E97AB9AF96A7}.Debug|Any CPU.ActiveCfg = Debug|Any CPU
		{DBF2918F-7E73-49A9-AE4F-E97AB9AF96A7}.Debug|Any CPU.Build.0 = Debug|Any CPU
		{DBF2918F-7E73-49A9-AE4F-E97AB9AF96A7}.Debug|x64.ActiveCfg = Debug|Any CPU
		{DBF2918F-7E73-49A9-AE4F-E97AB9AF96A7}.Debug|x64.Build.0 = Debug|Any CPU
		{DBF2918F-7E73-49A9-AE4F-E97AB9AF96A7}.Debug|x86.ActiveCfg = Debug|Any CPU
		{DBF2918F-7E73-49A9-AE4F-E97AB9AF96A7}.Debug|x86.Build.0 = Debug|Any CPU
		{DBF2918F-7E73-49A9-AE4F-E97AB9AF96A7}.Release|Any CPU.ActiveCfg = Release|Any CPU
		{DBF2918F-7E73-49A9-AE4F-E97AB9AF96A7}.Release|Any CPU.Build.0 = Release|Any CPU
		{DBF2918F-7E73-49A9-AE4F-E97AB9AF96A7}.Release|x64.ActiveCfg = Release|Any CPU
		{DBF2918F-7E73-49A9-AE4F-E97AB9AF96A7}.Release|x64.Build.0 = Release|Any CPU
		{DBF2918F-7E73-49A9-AE4F-E97AB9AF96A7}.Release|x86.ActiveCfg = Release|Any CPU
		{DBF2918F-7E73-49A9-AE4F-E97AB9AF96A7}.Release|x86.Build.0 = Release|Any CPU
		{284056EC-8174-406D-A3C3-2AFD04EDB3C5}.Debug|Any CPU.ActiveCfg = Debug|Any CPU
		{284056EC-8174-406D-A3C3-2AFD04EDB3C5}.Debug|Any CPU.Build.0 = Debug|Any CPU
		{284056EC-8174-406D-A3C3-2AFD04EDB3C5}.Debug|x64.ActiveCfg = Debug|Any CPU
		{284056EC-8174-406D-A3C3-2AFD04EDB3C5}.Debug|x64.Build.0 = Debug|Any CPU
		{284056EC-8174-406D-A3C3-2AFD04EDB3C5}.Debug|x86.ActiveCfg = Debug|Any CPU
		{284056EC-8174-406D-A3C3-2AFD04EDB3C5}.Debug|x86.Build.0 = Debug|Any CPU
		{284056EC-8174-406D-A3C3-2AFD04EDB3C5}.Release|Any CPU.ActiveCfg = Release|Any CPU
		{284056EC-8174-406D-A3C3-2AFD04EDB3C5}.Release|Any CPU.Build.0 = Release|Any CPU
		{284056EC-8174-406D-A3C3-2AFD04EDB3C5}.Release|x64.ActiveCfg = Release|Any CPU
		{284056EC-8174-406D-A3C3-2AFD04EDB3C5}.Release|x64.Build.0 = Release|Any CPU
		{284056EC-8174-406D-A3C3-2AFD04EDB3C5}.Release|x86.ActiveCfg = Release|Any CPU
		{284056EC-8174-406D-A3C3-2AFD04EDB3C5}.Release|x86.Build.0 = Release|Any CPU
		{51AA8A10-7D6B-4044-92FD-6BDB872BA3FB}.Debug|Any CPU.ActiveCfg = Debug|Any CPU
		{51AA8A10-7D6B-4044-92FD-6BDB872BA3FB}.Debug|Any CPU.Build.0 = Debug|Any CPU
		{51AA8A10-7D6B-4044-92FD-6BDB872BA3FB}.Debug|x64.ActiveCfg = Debug|Any CPU
		{51AA8A10-7D6B-4044-92FD-6BDB872BA3FB}.Debug|x64.Build.0 = Debug|Any CPU
		{51AA8A10-7D6B-4044-92FD-6BDB872BA3FB}.Debug|x86.ActiveCfg = Debug|Any CPU
		{51AA8A10-7D6B-4044-92FD-6BDB872BA3FB}.Debug|x86.Build.0 = Debug|Any CPU
		{51AA8A10-7D6B-4044-92FD-6BDB872BA3FB}.Release|Any CPU.ActiveCfg = Release|Any CPU
		{51AA8A10-7D6B-4044-92FD-6BDB872BA3FB}.Release|Any CPU.Build.0 = Release|Any CPU
		{51AA8A10-7D6B-4044-92FD-6BDB872BA3FB}.Release|x64.ActiveCfg = Release|Any CPU
		{51AA8A10-7D6B-4044-92FD-6BDB872BA3FB}.Release|x64.Build.0 = Release|Any CPU
		{51AA8A10-7D6B-4044-92FD-6BDB872BA3FB}.Release|x86.ActiveCfg = Release|Any CPU
		{51AA8A10-7D6B-4044-92FD-6BDB872BA3FB}.Release|x86.Build.0 = Release|Any CPU
		{7754A5FB-22EE-487F-B198-1869104C7014}.Debug|Any CPU.ActiveCfg = Debug|Any CPU
		{7754A5FB-22EE-487F-B198-1869104C7014}.Debug|Any CPU.Build.0 = Debug|Any CPU
		{7754A5FB-22EE-487F-B198-1869104C7014}.Debug|x64.ActiveCfg = Debug|Any CPU
		{7754A5FB-22EE-487F-B198-1869104C7014}.Debug|x64.Build.0 = Debug|Any CPU
		{7754A5FB-22EE-487F-B198-1869104C7014}.Debug|x86.ActiveCfg = Debug|Any CPU
		{7754A5FB-22EE-487F-B198-1869104C7014}.Debug|x86.Build.0 = Debug|Any CPU
		{7754A5FB-22EE-487F-B198-1869104C7014}.Release|Any CPU.ActiveCfg = Release|Any CPU
		{7754A5FB-22EE-487F-B198-1869104C7014}.Release|Any CPU.Build.0 = Release|Any CPU
		{7754A5FB-22EE-487F-B198-1869104C7014}.Release|x64.ActiveCfg = Release|Any CPU
		{7754A5FB-22EE-487F-B198-1869104C7014}.Release|x64.Build.0 = Release|Any CPU
		{7754A5FB-22EE-487F-B198-1869104C7014}.Release|x86.ActiveCfg = Release|Any CPU
		{7754A5FB-22EE-487F-B198-1869104C7014}.Release|x86.Build.0 = Release|Any CPU
		{A5E5D6F2-64B5-4DF8-B77B-61E54C5D9C01}.Debug|Any CPU.ActiveCfg = Debug|Any CPU
		{A5E5D6F2-64B5-4DF8-B77B-61E54C5D9C01}.Debug|Any CPU.Build.0 = Debug|Any CPU
		{A5E5D6F2-64B5-4DF8-B77B-61E54C5D9C01}.Debug|x64.ActiveCfg = Debug|Any CPU
		{A5E5D6F2-64B5-4DF8-B77B-61E54C5D9C01}.Debug|x64.Build.0 = Debug|Any CPU
		{A5E5D6F2-64B5-4DF8-B77B-61E54C5D9C01}.Debug|x86.ActiveCfg = Debug|Any CPU
		{A5E5D6F2-64B5-4DF8-B77B-61E54C5D9C01}.Debug|x86.Build.0 = Debug|Any CPU
		{A5E5D6F2-64B5-4DF8-B77B-61E54C5D9C01}.Release|Any CPU.ActiveCfg = Release|Any CPU
		{A5E5D6F2-64B5-4DF8-B77B-61E54C5D9C01}.Release|Any CPU.Build.0 = Release|Any CPU
		{A5E5D6F2-64B5-4DF8-B77B-61E54C5D9C01}.Release|x64.ActiveCfg = Release|Any CPU
		{A5E5D6F2-64B5-4DF8-B77B-61E54C5D9C01}.Release|x64.Build.0 = Release|Any CPU
		{A5E5D6F2-64B5-4DF8-B77B-61E54C5D9C01}.Release|x86.ActiveCfg = Release|Any CPU
		{A5E5D6F2-64B5-4DF8-B77B-61E54C5D9C01}.Release|x86.Build.0 = Release|Any CPU
		{A5E5D6F2-64B5-4DF8-B77B-61E54C5D9C03}.Debug|Any CPU.ActiveCfg = Debug|Any CPU
		{A5E5D6F2-64B5-4DF8-B77B-61E54C5D9C03}.Debug|Any CPU.Build.0 = Debug|Any CPU
		{A5E5D6F2-64B5-4DF8-B77B-61E54C5D9C03}.Debug|x64.ActiveCfg = Debug|Any CPU
		{A5E5D6F2-64B5-4DF8-B77B-61E54C5D9C03}.Debug|x64.Build.0 = Debug|Any CPU
		{A5E5D6F2-64B5-4DF8-B77B-61E54C5D9C03}.Debug|x86.ActiveCfg = Debug|Any CPU
		{A5E5D6F2-64B5-4DF8-B77B-61E54C5D9C03}.Debug|x86.Build.0 = Debug|Any CPU
		{A5E5D6F2-64B5-4DF8-B77B-61E54C5D9C03}.Release|Any CPU.ActiveCfg = Release|Any CPU
		{A5E5D6F2-64B5-4DF8-B77B-61E54C5D9C03}.Release|Any CPU.Build.0 = Release|Any CPU
		{A5E5D6F2-64B5-4DF8-B77B-61E54C5D9C03}.Release|x64.ActiveCfg = Release|Any CPU
		{A5E5D6F2-64B5-4DF8-B77B-61E54C5D9C03}.Release|x64.Build.0 = Release|Any CPU
		{A5E5D6F2-64B5-4DF8-B77B-61E54C5D9C03}.Release|x86.ActiveCfg = Release|Any CPU
		{A5E5D6F2-64B5-4DF8-B77B-61E54C5D9C03}.Release|x86.Build.0 = Release|Any CPU
		{924EAF3C-E529-4FC7-9E87-A15CE37AABD8}.Debug|Any CPU.ActiveCfg = Debug|Any CPU
		{924EAF3C-E529-4FC7-9E87-A15CE37AABD8}.Debug|Any CPU.Build.0 = Debug|Any CPU
		{924EAF3C-E529-4FC7-9E87-A15CE37AABD8}.Debug|x64.ActiveCfg = Debug|Any CPU
		{924EAF3C-E529-4FC7-9E87-A15CE37AABD8}.Debug|x64.Build.0 = Debug|Any CPU
		{924EAF3C-E529-4FC7-9E87-A15CE37AABD8}.Debug|x86.ActiveCfg = Debug|Any CPU
		{924EAF3C-E529-4FC7-9E87-A15CE37AABD8}.Debug|x86.Build.0 = Debug|Any CPU
		{924EAF3C-E529-4FC7-9E87-A15CE37AABD8}.Release|Any CPU.ActiveCfg = Release|Any CPU
		{924EAF3C-E529-4FC7-9E87-A15CE37AABD8}.Release|Any CPU.Build.0 = Release|Any CPU
		{924EAF3C-E529-4FC7-9E87-A15CE37AABD8}.Release|x64.ActiveCfg = Release|Any CPU
		{924EAF3C-E529-4FC7-9E87-A15CE37AABD8}.Release|x64.Build.0 = Release|Any CPU
		{924EAF3C-E529-4FC7-9E87-A15CE37AABD8}.Release|x86.ActiveCfg = Release|Any CPU
		{924EAF3C-E529-4FC7-9E87-A15CE37AABD8}.Release|x86.Build.0 = Release|Any CPU
		{814B1E2B-5501-437C-AE52-3D4639187DE0}.Debug|Any CPU.ActiveCfg = Debug|Any CPU
		{814B1E2B-5501-437C-AE52-3D4639187DE0}.Debug|Any CPU.Build.0 = Debug|Any CPU
		{814B1E2B-5501-437C-AE52-3D4639187DE0}.Debug|x64.ActiveCfg = Debug|Any CPU
		{814B1E2B-5501-437C-AE52-3D4639187DE0}.Debug|x64.Build.0 = Debug|Any CPU
		{814B1E2B-5501-437C-AE52-3D4639187DE0}.Debug|x86.ActiveCfg = Debug|Any CPU
		{814B1E2B-5501-437C-AE52-3D4639187DE0}.Debug|x86.Build.0 = Debug|Any CPU
		{814B1E2B-5501-437C-AE52-3D4639187DE0}.Release|Any CPU.ActiveCfg = Release|Any CPU
		{814B1E2B-5501-437C-AE52-3D4639187DE0}.Release|Any CPU.Build.0 = Release|Any CPU
		{814B1E2B-5501-437C-AE52-3D4639187DE0}.Release|x64.ActiveCfg = Release|Any CPU
		{814B1E2B-5501-437C-AE52-3D4639187DE0}.Release|x64.Build.0 = Release|Any CPU
		{814B1E2B-5501-437C-AE52-3D4639187DE0}.Release|x86.ActiveCfg = Release|Any CPU
		{814B1E2B-5501-437C-AE52-3D4639187DE0}.Release|x86.Build.0 = Release|Any CPU
		{EFD593CA-DCB9-49CC-ABC0-DDE550814006}.Debug|Any CPU.ActiveCfg = Debug|Any CPU
		{EFD593CA-DCB9-49CC-ABC0-DDE550814006}.Debug|Any CPU.Build.0 = Debug|Any CPU
		{EFD593CA-DCB9-49CC-ABC0-DDE550814006}.Debug|x64.ActiveCfg = Debug|Any CPU
		{EFD593CA-DCB9-49CC-ABC0-DDE550814006}.Debug|x64.Build.0 = Debug|Any CPU
		{EFD593CA-DCB9-49CC-ABC0-DDE550814006}.Debug|x86.ActiveCfg = Debug|Any CPU
		{EFD593CA-DCB9-49CC-ABC0-DDE550814006}.Debug|x86.Build.0 = Debug|Any CPU
		{EFD593CA-DCB9-49CC-ABC0-DDE550814006}.Release|Any CPU.ActiveCfg = Release|Any CPU
		{EFD593CA-DCB9-49CC-ABC0-DDE550814006}.Release|Any CPU.Build.0 = Release|Any CPU
		{EFD593CA-DCB9-49CC-ABC0-DDE550814006}.Release|x64.ActiveCfg = Release|Any CPU
		{EFD593CA-DCB9-49CC-ABC0-DDE550814006}.Release|x64.Build.0 = Release|Any CPU
		{EFD593CA-DCB9-49CC-ABC0-DDE550814006}.Release|x86.ActiveCfg = Release|Any CPU
		{EFD593CA-DCB9-49CC-ABC0-DDE550814006}.Release|x86.Build.0 = Release|Any CPU
		{8A30D5BB-3A54-4395-BF4B-D62171BE755A}.Debug|Any CPU.ActiveCfg = Debug|Any CPU
		{8A30D5BB-3A54-4395-BF4B-D62171BE755A}.Debug|Any CPU.Build.0 = Debug|Any CPU
		{8A30D5BB-3A54-4395-BF4B-D62171BE755A}.Debug|x64.ActiveCfg = Debug|Any CPU
		{8A30D5BB-3A54-4395-BF4B-D62171BE755A}.Debug|x64.Build.0 = Debug|Any CPU
		{8A30D5BB-3A54-4395-BF4B-D62171BE755A}.Debug|x86.ActiveCfg = Debug|Any CPU
		{8A30D5BB-3A54-4395-BF4B-D62171BE755A}.Debug|x86.Build.0 = Debug|Any CPU
		{8A30D5BB-3A54-4395-BF4B-D62171BE755A}.Release|Any CPU.ActiveCfg = Release|Any CPU
		{8A30D5BB-3A54-4395-BF4B-D62171BE755A}.Release|Any CPU.Build.0 = Release|Any CPU
		{8A30D5BB-3A54-4395-BF4B-D62171BE755A}.Release|x64.ActiveCfg = Release|Any CPU
		{8A30D5BB-3A54-4395-BF4B-D62171BE755A}.Release|x64.Build.0 = Release|Any CPU
		{8A30D5BB-3A54-4395-BF4B-D62171BE755A}.Release|x86.ActiveCfg = Release|Any CPU
		{8A30D5BB-3A54-4395-BF4B-D62171BE755A}.Release|x86.Build.0 = Release|Any CPU
		{7FE90F05-9731-47ED-80C0-775A0F09B94C}.Debug|Any CPU.ActiveCfg = Debug|Any CPU
		{7FE90F05-9731-47ED-80C0-775A0F09B94C}.Debug|Any CPU.Build.0 = Debug|Any CPU
		{7FE90F05-9731-47ED-80C0-775A0F09B94C}.Debug|x64.ActiveCfg = Debug|Any CPU
		{7FE90F05-9731-47ED-80C0-775A0F09B94C}.Debug|x64.Build.0 = Debug|Any CPU
		{7FE90F05-9731-47ED-80C0-775A0F09B94C}.Debug|x86.ActiveCfg = Debug|Any CPU
		{7FE90F05-9731-47ED-80C0-775A0F09B94C}.Debug|x86.Build.0 = Debug|Any CPU
		{7FE90F05-9731-47ED-80C0-775A0F09B94C}.Release|Any CPU.ActiveCfg = Release|Any CPU
		{7FE90F05-9731-47ED-80C0-775A0F09B94C}.Release|Any CPU.Build.0 = Release|Any CPU
		{7FE90F05-9731-47ED-80C0-775A0F09B94C}.Release|x64.ActiveCfg = Release|Any CPU
		{7FE90F05-9731-47ED-80C0-775A0F09B94C}.Release|x64.Build.0 = Release|Any CPU
		{7FE90F05-9731-47ED-80C0-775A0F09B94C}.Release|x86.ActiveCfg = Release|Any CPU
		{7FE90F05-9731-47ED-80C0-775A0F09B94C}.Release|x86.Build.0 = Release|Any CPU
		{F3690BA2-1A99-42B3-A536-0420A501CAF8}.Debug|Any CPU.ActiveCfg = Debug|Any CPU
		{F3690BA2-1A99-42B3-A536-0420A501CAF8}.Debug|Any CPU.Build.0 = Debug|Any CPU
		{F3690BA2-1A99-42B3-A536-0420A501CAF8}.Debug|x64.ActiveCfg = Debug|Any CPU
		{F3690BA2-1A99-42B3-A536-0420A501CAF8}.Debug|x64.Build.0 = Debug|Any CPU
		{F3690BA2-1A99-42B3-A536-0420A501CAF8}.Debug|x86.ActiveCfg = Debug|Any CPU
		{F3690BA2-1A99-42B3-A536-0420A501CAF8}.Debug|x86.Build.0 = Debug|Any CPU
		{F3690BA2-1A99-42B3-A536-0420A501CAF8}.Release|Any CPU.ActiveCfg = Release|Any CPU
		{F3690BA2-1A99-42B3-A536-0420A501CAF8}.Release|Any CPU.Build.0 = Release|Any CPU
		{F3690BA2-1A99-42B3-A536-0420A501CAF8}.Release|x64.ActiveCfg = Release|Any CPU
		{F3690BA2-1A99-42B3-A536-0420A501CAF8}.Release|x64.Build.0 = Release|Any CPU
		{F3690BA2-1A99-42B3-A536-0420A501CAF8}.Release|x86.ActiveCfg = Release|Any CPU
		{F3690BA2-1A99-42B3-A536-0420A501CAF8}.Release|x86.Build.0 = Release|Any CPU
		{72547096-2CB9-4C3D-85C5-1C11ABBF1F07}.Debug|Any CPU.ActiveCfg = Debug|Any CPU
		{72547096-2CB9-4C3D-85C5-1C11ABBF1F07}.Debug|Any CPU.Build.0 = Debug|Any CPU
		{72547096-2CB9-4C3D-85C5-1C11ABBF1F07}.Debug|x64.ActiveCfg = Debug|Any CPU
		{72547096-2CB9-4C3D-85C5-1C11ABBF1F07}.Debug|x64.Build.0 = Debug|Any CPU
		{72547096-2CB9-4C3D-85C5-1C11ABBF1F07}.Debug|x86.ActiveCfg = Debug|Any CPU
		{72547096-2CB9-4C3D-85C5-1C11ABBF1F07}.Debug|x86.Build.0 = Debug|Any CPU
		{72547096-2CB9-4C3D-85C5-1C11ABBF1F07}.Release|Any CPU.ActiveCfg = Release|Any CPU
		{72547096-2CB9-4C3D-85C5-1C11ABBF1F07}.Release|Any CPU.Build.0 = Release|Any CPU
		{72547096-2CB9-4C3D-85C5-1C11ABBF1F07}.Release|x64.ActiveCfg = Release|Any CPU
		{72547096-2CB9-4C3D-85C5-1C11ABBF1F07}.Release|x64.Build.0 = Release|Any CPU
		{72547096-2CB9-4C3D-85C5-1C11ABBF1F07}.Release|x86.ActiveCfg = Release|Any CPU
		{72547096-2CB9-4C3D-85C5-1C11ABBF1F07}.Release|x86.Build.0 = Release|Any CPU
		{E07751DB-72DC-419B-86E2-06961303B3D9}.Debug|Any CPU.ActiveCfg = Debug|Any CPU
		{E07751DB-72DC-419B-86E2-06961303B3D9}.Debug|Any CPU.Build.0 = Debug|Any CPU
		{E07751DB-72DC-419B-86E2-06961303B3D9}.Debug|x64.ActiveCfg = Debug|Any CPU
		{E07751DB-72DC-419B-86E2-06961303B3D9}.Debug|x64.Build.0 = Debug|Any CPU
		{E07751DB-72DC-419B-86E2-06961303B3D9}.Debug|x86.ActiveCfg = Debug|Any CPU
		{E07751DB-72DC-419B-86E2-06961303B3D9}.Debug|x86.Build.0 = Debug|Any CPU
		{E07751DB-72DC-419B-86E2-06961303B3D9}.Release|Any CPU.ActiveCfg = Release|Any CPU
		{E07751DB-72DC-419B-86E2-06961303B3D9}.Release|Any CPU.Build.0 = Release|Any CPU
		{E07751DB-72DC-419B-86E2-06961303B3D9}.Release|x64.ActiveCfg = Release|Any CPU
		{E07751DB-72DC-419B-86E2-06961303B3D9}.Release|x64.Build.0 = Release|Any CPU
		{E07751DB-72DC-419B-86E2-06961303B3D9}.Release|x86.ActiveCfg = Release|Any CPU
		{E07751DB-72DC-419B-86E2-06961303B3D9}.Release|x86.Build.0 = Release|Any CPU
		{A3316750-C636-4800-A2AD-69D24DC05FAD}.Debug|Any CPU.ActiveCfg = Debug|Any CPU
		{A3316750-C636-4800-A2AD-69D24DC05FAD}.Debug|Any CPU.Build.0 = Debug|Any CPU
		{A3316750-C636-4800-A2AD-69D24DC05FAD}.Debug|x64.ActiveCfg = Debug|Any CPU
		{A3316750-C636-4800-A2AD-69D24DC05FAD}.Debug|x64.Build.0 = Debug|Any CPU
		{A3316750-C636-4800-A2AD-69D24DC05FAD}.Debug|x86.ActiveCfg = Debug|Any CPU
		{A3316750-C636-4800-A2AD-69D24DC05FAD}.Debug|x86.Build.0 = Debug|Any CPU
		{A3316750-C636-4800-A2AD-69D24DC05FAD}.Release|Any CPU.ActiveCfg = Release|Any CPU
		{A3316750-C636-4800-A2AD-69D24DC05FAD}.Release|Any CPU.Build.0 = Release|Any CPU
		{A3316750-C636-4800-A2AD-69D24DC05FAD}.Release|x64.ActiveCfg = Release|Any CPU
		{A3316750-C636-4800-A2AD-69D24DC05FAD}.Release|x64.Build.0 = Release|Any CPU
		{A3316750-C636-4800-A2AD-69D24DC05FAD}.Release|x86.ActiveCfg = Release|Any CPU
		{A3316750-C636-4800-A2AD-69D24DC05FAD}.Release|x86.Build.0 = Release|Any CPU
		{ABB47130-4A32-4185-8660-F770306EB19B}.Debug|Any CPU.ActiveCfg = Debug|Any CPU
		{ABB47130-4A32-4185-8660-F770306EB19B}.Debug|Any CPU.Build.0 = Debug|Any CPU
		{ABB47130-4A32-4185-8660-F770306EB19B}.Debug|x64.ActiveCfg = Debug|Any CPU
		{ABB47130-4A32-4185-8660-F770306EB19B}.Debug|x64.Build.0 = Debug|Any CPU
		{ABB47130-4A32-4185-8660-F770306EB19B}.Debug|x86.ActiveCfg = Debug|Any CPU
		{ABB47130-4A32-4185-8660-F770306EB19B}.Debug|x86.Build.0 = Debug|Any CPU
		{ABB47130-4A32-4185-8660-F770306EB19B}.Release|Any CPU.ActiveCfg = Release|Any CPU
		{ABB47130-4A32-4185-8660-F770306EB19B}.Release|Any CPU.Build.0 = Release|Any CPU
		{ABB47130-4A32-4185-8660-F770306EB19B}.Release|x64.ActiveCfg = Release|Any CPU
		{ABB47130-4A32-4185-8660-F770306EB19B}.Release|x64.Build.0 = Release|Any CPU
		{ABB47130-4A32-4185-8660-F770306EB19B}.Release|x86.ActiveCfg = Release|Any CPU
		{ABB47130-4A32-4185-8660-F770306EB19B}.Release|x86.Build.0 = Release|Any CPU
		{FC890D3C-61DE-4D62-BACF-0A1211C2EB1B}.Debug|Any CPU.ActiveCfg = Debug|Any CPU
		{FC890D3C-61DE-4D62-BACF-0A1211C2EB1B}.Debug|Any CPU.Build.0 = Debug|Any CPU
		{FC890D3C-61DE-4D62-BACF-0A1211C2EB1B}.Debug|x64.ActiveCfg = Debug|Any CPU
		{FC890D3C-61DE-4D62-BACF-0A1211C2EB1B}.Debug|x64.Build.0 = Debug|Any CPU
		{FC890D3C-61DE-4D62-BACF-0A1211C2EB1B}.Debug|x86.ActiveCfg = Debug|Any CPU
		{FC890D3C-61DE-4D62-BACF-0A1211C2EB1B}.Debug|x86.Build.0 = Debug|Any CPU
		{FC890D3C-61DE-4D62-BACF-0A1211C2EB1B}.Release|Any CPU.ActiveCfg = Release|Any CPU
		{FC890D3C-61DE-4D62-BACF-0A1211C2EB1B}.Release|Any CPU.Build.0 = Release|Any CPU
		{FC890D3C-61DE-4D62-BACF-0A1211C2EB1B}.Release|x64.ActiveCfg = Release|Any CPU
		{FC890D3C-61DE-4D62-BACF-0A1211C2EB1B}.Release|x64.Build.0 = Release|Any CPU
		{FC890D3C-61DE-4D62-BACF-0A1211C2EB1B}.Release|x86.ActiveCfg = Release|Any CPU
		{FC890D3C-61DE-4D62-BACF-0A1211C2EB1B}.Release|x86.Build.0 = Release|Any CPU
		{A772F336-8548-446F-B4FB-8315A222AC74}.Debug|Any CPU.ActiveCfg = Debug|Any CPU
		{A772F336-8548-446F-B4FB-8315A222AC74}.Debug|Any CPU.Build.0 = Debug|Any CPU
		{A772F336-8548-446F-B4FB-8315A222AC74}.Debug|x64.ActiveCfg = Debug|Any CPU
		{A772F336-8548-446F-B4FB-8315A222AC74}.Debug|x64.Build.0 = Debug|Any CPU
		{A772F336-8548-446F-B4FB-8315A222AC74}.Debug|x86.ActiveCfg = Debug|Any CPU
		{A772F336-8548-446F-B4FB-8315A222AC74}.Debug|x86.Build.0 = Debug|Any CPU
		{A772F336-8548-446F-B4FB-8315A222AC74}.Release|Any CPU.ActiveCfg = Release|Any CPU
		{A772F336-8548-446F-B4FB-8315A222AC74}.Release|Any CPU.Build.0 = Release|Any CPU
		{A772F336-8548-446F-B4FB-8315A222AC74}.Release|x64.ActiveCfg = Release|Any CPU
		{A772F336-8548-446F-B4FB-8315A222AC74}.Release|x64.Build.0 = Release|Any CPU
		{A772F336-8548-446F-B4FB-8315A222AC74}.Release|x86.ActiveCfg = Release|Any CPU
		{A772F336-8548-446F-B4FB-8315A222AC74}.Release|x86.Build.0 = Release|Any CPU
		{5FBBD013-589D-467F-8DEC-08A8DE32CA24}.Debug|Any CPU.ActiveCfg = Debug|Any CPU
		{5FBBD013-589D-467F-8DEC-08A8DE32CA24}.Debug|Any CPU.Build.0 = Debug|Any CPU
		{5FBBD013-589D-467F-8DEC-08A8DE32CA24}.Debug|x64.ActiveCfg = Debug|Any CPU
		{5FBBD013-589D-467F-8DEC-08A8DE32CA24}.Debug|x64.Build.0 = Debug|Any CPU
		{5FBBD013-589D-467F-8DEC-08A8DE32CA24}.Debug|x86.ActiveCfg = Debug|Any CPU
		{5FBBD013-589D-467F-8DEC-08A8DE32CA24}.Debug|x86.Build.0 = Debug|Any CPU
		{5FBBD013-589D-467F-8DEC-08A8DE32CA24}.Release|Any CPU.ActiveCfg = Release|Any CPU
		{5FBBD013-589D-467F-8DEC-08A8DE32CA24}.Release|Any CPU.Build.0 = Release|Any CPU
		{5FBBD013-589D-467F-8DEC-08A8DE32CA24}.Release|x64.ActiveCfg = Release|Any CPU
		{5FBBD013-589D-467F-8DEC-08A8DE32CA24}.Release|x64.Build.0 = Release|Any CPU
		{5FBBD013-589D-467F-8DEC-08A8DE32CA24}.Release|x86.ActiveCfg = Release|Any CPU
		{5FBBD013-589D-467F-8DEC-08A8DE32CA24}.Release|x86.Build.0 = Release|Any CPU
		{18F3320F-ACCE-4D80-803E-3FE25A4068E7}.Debug|Any CPU.ActiveCfg = Debug|Any CPU
		{18F3320F-ACCE-4D80-803E-3FE25A4068E7}.Debug|Any CPU.Build.0 = Debug|Any CPU
		{18F3320F-ACCE-4D80-803E-3FE25A4068E7}.Debug|x64.ActiveCfg = Debug|Any CPU
		{18F3320F-ACCE-4D80-803E-3FE25A4068E7}.Debug|x64.Build.0 = Debug|Any CPU
		{18F3320F-ACCE-4D80-803E-3FE25A4068E7}.Debug|x86.ActiveCfg = Debug|Any CPU
		{18F3320F-ACCE-4D80-803E-3FE25A4068E7}.Debug|x86.Build.0 = Debug|Any CPU
		{18F3320F-ACCE-4D80-803E-3FE25A4068E7}.Release|Any CPU.ActiveCfg = Release|Any CPU
		{18F3320F-ACCE-4D80-803E-3FE25A4068E7}.Release|Any CPU.Build.0 = Release|Any CPU
		{18F3320F-ACCE-4D80-803E-3FE25A4068E7}.Release|x64.ActiveCfg = Release|Any CPU
		{18F3320F-ACCE-4D80-803E-3FE25A4068E7}.Release|x64.Build.0 = Release|Any CPU
		{18F3320F-ACCE-4D80-803E-3FE25A4068E7}.Release|x86.ActiveCfg = Release|Any CPU
		{18F3320F-ACCE-4D80-803E-3FE25A4068E7}.Release|x86.Build.0 = Release|Any CPU
		{4CAB5B60-6A7F-44CC-A15A-12CCB27757FE}.Debug|Any CPU.ActiveCfg = Debug|Any CPU
		{4CAB5B60-6A7F-44CC-A15A-12CCB27757FE}.Debug|Any CPU.Build.0 = Debug|Any CPU
		{4CAB5B60-6A7F-44CC-A15A-12CCB27757FE}.Debug|x64.ActiveCfg = Debug|Any CPU
		{4CAB5B60-6A7F-44CC-A15A-12CCB27757FE}.Debug|x64.Build.0 = Debug|Any CPU
		{4CAB5B60-6A7F-44CC-A15A-12CCB27757FE}.Debug|x86.ActiveCfg = Debug|Any CPU
		{4CAB5B60-6A7F-44CC-A15A-12CCB27757FE}.Debug|x86.Build.0 = Debug|Any CPU
		{4CAB5B60-6A7F-44CC-A15A-12CCB27757FE}.Release|Any CPU.ActiveCfg = Release|Any CPU
		{4CAB5B60-6A7F-44CC-A15A-12CCB27757FE}.Release|Any CPU.Build.0 = Release|Any CPU
		{4CAB5B60-6A7F-44CC-A15A-12CCB27757FE}.Release|x64.ActiveCfg = Release|Any CPU
		{4CAB5B60-6A7F-44CC-A15A-12CCB27757FE}.Release|x64.Build.0 = Release|Any CPU
		{4CAB5B60-6A7F-44CC-A15A-12CCB27757FE}.Release|x86.ActiveCfg = Release|Any CPU
		{4CAB5B60-6A7F-44CC-A15A-12CCB27757FE}.Release|x86.Build.0 = Release|Any CPU
		{DE0D1CA7-A1A5-4818-B400-6E14B7F73851}.Debug|Any CPU.ActiveCfg = Debug|Any CPU
		{DE0D1CA7-A1A5-4818-B400-6E14B7F73851}.Debug|Any CPU.Build.0 = Debug|Any CPU
		{DE0D1CA7-A1A5-4818-B400-6E14B7F73851}.Debug|x64.ActiveCfg = Debug|Any CPU
		{DE0D1CA7-A1A5-4818-B400-6E14B7F73851}.Debug|x64.Build.0 = Debug|Any CPU
		{DE0D1CA7-A1A5-4818-B400-6E14B7F73851}.Debug|x86.ActiveCfg = Debug|Any CPU
		{DE0D1CA7-A1A5-4818-B400-6E14B7F73851}.Debug|x86.Build.0 = Debug|Any CPU
		{DE0D1CA7-A1A5-4818-B400-6E14B7F73851}.Release|Any CPU.ActiveCfg = Release|Any CPU
		{DE0D1CA7-A1A5-4818-B400-6E14B7F73851}.Release|Any CPU.Build.0 = Release|Any CPU
		{DE0D1CA7-A1A5-4818-B400-6E14B7F73851}.Release|x64.ActiveCfg = Release|Any CPU
		{DE0D1CA7-A1A5-4818-B400-6E14B7F73851}.Release|x64.Build.0 = Release|Any CPU
		{DE0D1CA7-A1A5-4818-B400-6E14B7F73851}.Release|x86.ActiveCfg = Release|Any CPU
		{DE0D1CA7-A1A5-4818-B400-6E14B7F73851}.Release|x86.Build.0 = Release|Any CPU
		{CA14BA5C-05B8-4E6F-83B5-3FAB77A138F4}.Debug|Any CPU.ActiveCfg = Debug|Any CPU
		{CA14BA5C-05B8-4E6F-83B5-3FAB77A138F4}.Debug|Any CPU.Build.0 = Debug|Any CPU
		{CA14BA5C-05B8-4E6F-83B5-3FAB77A138F4}.Debug|x64.ActiveCfg = Debug|Any CPU
		{CA14BA5C-05B8-4E6F-83B5-3FAB77A138F4}.Debug|x64.Build.0 = Debug|Any CPU
		{CA14BA5C-05B8-4E6F-83B5-3FAB77A138F4}.Debug|x86.ActiveCfg = Debug|Any CPU
		{CA14BA5C-05B8-4E6F-83B5-3FAB77A138F4}.Debug|x86.Build.0 = Debug|Any CPU
		{CA14BA5C-05B8-4E6F-83B5-3FAB77A138F4}.Release|Any CPU.ActiveCfg = Release|Any CPU
		{CA14BA5C-05B8-4E6F-83B5-3FAB77A138F4}.Release|Any CPU.Build.0 = Release|Any CPU
		{CA14BA5C-05B8-4E6F-83B5-3FAB77A138F4}.Release|x64.ActiveCfg = Release|Any CPU
		{CA14BA5C-05B8-4E6F-83B5-3FAB77A138F4}.Release|x64.Build.0 = Release|Any CPU
		{CA14BA5C-05B8-4E6F-83B5-3FAB77A138F4}.Release|x86.ActiveCfg = Release|Any CPU
		{CA14BA5C-05B8-4E6F-83B5-3FAB77A138F4}.Release|x86.Build.0 = Release|Any CPU
		{979A73DB-6D5B-43A4-B284-D2BE25C26D5E}.Debug|Any CPU.ActiveCfg = Debug|Any CPU
		{979A73DB-6D5B-43A4-B284-D2BE25C26D5E}.Debug|Any CPU.Build.0 = Debug|Any CPU
		{979A73DB-6D5B-43A4-B284-D2BE25C26D5E}.Debug|x64.ActiveCfg = Debug|Any CPU
		{979A73DB-6D5B-43A4-B284-D2BE25C26D5E}.Debug|x64.Build.0 = Debug|Any CPU
		{979A73DB-6D5B-43A4-B284-D2BE25C26D5E}.Debug|x86.ActiveCfg = Debug|Any CPU
		{979A73DB-6D5B-43A4-B284-D2BE25C26D5E}.Debug|x86.Build.0 = Debug|Any CPU
		{979A73DB-6D5B-43A4-B284-D2BE25C26D5E}.Release|Any CPU.ActiveCfg = Release|Any CPU
		{979A73DB-6D5B-43A4-B284-D2BE25C26D5E}.Release|Any CPU.Build.0 = Release|Any CPU
		{979A73DB-6D5B-43A4-B284-D2BE25C26D5E}.Release|x64.ActiveCfg = Release|Any CPU
		{979A73DB-6D5B-43A4-B284-D2BE25C26D5E}.Release|x64.Build.0 = Release|Any CPU
		{979A73DB-6D5B-43A4-B284-D2BE25C26D5E}.Release|x86.ActiveCfg = Release|Any CPU
		{979A73DB-6D5B-43A4-B284-D2BE25C26D5E}.Release|x86.Build.0 = Release|Any CPU
		{E03D81CF-4043-4D05-9C30-FB3EC304DCE4}.Debug|Any CPU.ActiveCfg = Debug|Any CPU
		{E03D81CF-4043-4D05-9C30-FB3EC304DCE4}.Debug|Any CPU.Build.0 = Debug|Any CPU
		{E03D81CF-4043-4D05-9C30-FB3EC304DCE4}.Debug|x64.ActiveCfg = Debug|Any CPU
		{E03D81CF-4043-4D05-9C30-FB3EC304DCE4}.Debug|x64.Build.0 = Debug|Any CPU
		{E03D81CF-4043-4D05-9C30-FB3EC304DCE4}.Debug|x86.ActiveCfg = Debug|Any CPU
		{E03D81CF-4043-4D05-9C30-FB3EC304DCE4}.Debug|x86.Build.0 = Debug|Any CPU
		{E03D81CF-4043-4D05-9C30-FB3EC304DCE4}.Release|Any CPU.ActiveCfg = Release|Any CPU
		{E03D81CF-4043-4D05-9C30-FB3EC304DCE4}.Release|Any CPU.Build.0 = Release|Any CPU
		{E03D81CF-4043-4D05-9C30-FB3EC304DCE4}.Release|x64.ActiveCfg = Release|Any CPU
		{E03D81CF-4043-4D05-9C30-FB3EC304DCE4}.Release|x64.Build.0 = Release|Any CPU
		{E03D81CF-4043-4D05-9C30-FB3EC304DCE4}.Release|x86.ActiveCfg = Release|Any CPU
		{E03D81CF-4043-4D05-9C30-FB3EC304DCE4}.Release|x86.Build.0 = Release|Any CPU
		{5E033851-B19A-48D8-939E-79975F13E13F}.Debug|Any CPU.ActiveCfg = Debug|Any CPU
		{5E033851-B19A-48D8-939E-79975F13E13F}.Debug|Any CPU.Build.0 = Debug|Any CPU
		{5E033851-B19A-48D8-939E-79975F13E13F}.Debug|x64.ActiveCfg = Debug|Any CPU
		{5E033851-B19A-48D8-939E-79975F13E13F}.Debug|x64.Build.0 = Debug|Any CPU
		{5E033851-B19A-48D8-939E-79975F13E13F}.Debug|x86.ActiveCfg = Debug|Any CPU
		{5E033851-B19A-48D8-939E-79975F13E13F}.Debug|x86.Build.0 = Debug|Any CPU
		{5E033851-B19A-48D8-939E-79975F13E13F}.Release|Any CPU.ActiveCfg = Release|Any CPU
		{5E033851-B19A-48D8-939E-79975F13E13F}.Release|Any CPU.Build.0 = Release|Any CPU
		{5E033851-B19A-48D8-939E-79975F13E13F}.Release|x64.ActiveCfg = Release|Any CPU
		{5E033851-B19A-48D8-939E-79975F13E13F}.Release|x64.Build.0 = Release|Any CPU
		{5E033851-B19A-48D8-939E-79975F13E13F}.Release|x86.ActiveCfg = Release|Any CPU
		{5E033851-B19A-48D8-939E-79975F13E13F}.Release|x86.Build.0 = Release|Any CPU
		{FC90AA85-CD20-4056-8D12-8B2CA1B06C0C}.Debug|Any CPU.ActiveCfg = Debug|Any CPU
		{FC90AA85-CD20-4056-8D12-8B2CA1B06C0C}.Debug|Any CPU.Build.0 = Debug|Any CPU
		{FC90AA85-CD20-4056-8D12-8B2CA1B06C0C}.Debug|x64.ActiveCfg = Debug|Any CPU
		{FC90AA85-CD20-4056-8D12-8B2CA1B06C0C}.Debug|x64.Build.0 = Debug|Any CPU
		{FC90AA85-CD20-4056-8D12-8B2CA1B06C0C}.Debug|x86.ActiveCfg = Debug|Any CPU
		{FC90AA85-CD20-4056-8D12-8B2CA1B06C0C}.Debug|x86.Build.0 = Debug|Any CPU
		{FC90AA85-CD20-4056-8D12-8B2CA1B06C0C}.Release|Any CPU.ActiveCfg = Release|Any CPU
		{FC90AA85-CD20-4056-8D12-8B2CA1B06C0C}.Release|Any CPU.Build.0 = Release|Any CPU
		{FC90AA85-CD20-4056-8D12-8B2CA1B06C0C}.Release|x64.ActiveCfg = Release|Any CPU
		{FC90AA85-CD20-4056-8D12-8B2CA1B06C0C}.Release|x64.Build.0 = Release|Any CPU
		{FC90AA85-CD20-4056-8D12-8B2CA1B06C0C}.Release|x86.ActiveCfg = Release|Any CPU
		{FC90AA85-CD20-4056-8D12-8B2CA1B06C0C}.Release|x86.Build.0 = Release|Any CPU
		{F746461C-7D94-4852-A72E-93632C9A5526}.Debug|Any CPU.ActiveCfg = Debug|Any CPU
		{F746461C-7D94-4852-A72E-93632C9A5526}.Debug|Any CPU.Build.0 = Debug|Any CPU
		{F746461C-7D94-4852-A72E-93632C9A5526}.Debug|x64.ActiveCfg = Debug|Any CPU
		{F746461C-7D94-4852-A72E-93632C9A5526}.Debug|x64.Build.0 = Debug|Any CPU
		{F746461C-7D94-4852-A72E-93632C9A5526}.Debug|x86.ActiveCfg = Debug|Any CPU
		{F746461C-7D94-4852-A72E-93632C9A5526}.Debug|x86.Build.0 = Debug|Any CPU
		{F746461C-7D94-4852-A72E-93632C9A5526}.Release|Any CPU.ActiveCfg = Release|Any CPU
		{F746461C-7D94-4852-A72E-93632C9A5526}.Release|Any CPU.Build.0 = Release|Any CPU
		{F746461C-7D94-4852-A72E-93632C9A5526}.Release|x64.ActiveCfg = Release|Any CPU
		{F746461C-7D94-4852-A72E-93632C9A5526}.Release|x64.Build.0 = Release|Any CPU
		{F746461C-7D94-4852-A72E-93632C9A5526}.Release|x86.ActiveCfg = Release|Any CPU
		{F746461C-7D94-4852-A72E-93632C9A5526}.Release|x86.Build.0 = Release|Any CPU
		{86736933-DE0A-4E85-B6DB-F57510B7A55A}.Debug|Any CPU.ActiveCfg = Debug|Any CPU
		{86736933-DE0A-4E85-B6DB-F57510B7A55A}.Debug|Any CPU.Build.0 = Debug|Any CPU
		{86736933-DE0A-4E85-B6DB-F57510B7A55A}.Debug|x64.ActiveCfg = Debug|Any CPU
		{86736933-DE0A-4E85-B6DB-F57510B7A55A}.Debug|x64.Build.0 = Debug|Any CPU
		{86736933-DE0A-4E85-B6DB-F57510B7A55A}.Debug|x86.ActiveCfg = Debug|Any CPU
		{86736933-DE0A-4E85-B6DB-F57510B7A55A}.Debug|x86.Build.0 = Debug|Any CPU
		{86736933-DE0A-4E85-B6DB-F57510B7A55A}.Release|Any CPU.ActiveCfg = Release|Any CPU
		{86736933-DE0A-4E85-B6DB-F57510B7A55A}.Release|Any CPU.Build.0 = Release|Any CPU
		{86736933-DE0A-4E85-B6DB-F57510B7A55A}.Release|x64.ActiveCfg = Release|Any CPU
		{86736933-DE0A-4E85-B6DB-F57510B7A55A}.Release|x64.Build.0 = Release|Any CPU
		{86736933-DE0A-4E85-B6DB-F57510B7A55A}.Release|x86.ActiveCfg = Release|Any CPU
		{86736933-DE0A-4E85-B6DB-F57510B7A55A}.Release|x86.Build.0 = Release|Any CPU
		{95852A16-ADC2-4157-9705-303E8D5BA8CB}.Debug|Any CPU.ActiveCfg = Debug|Any CPU
		{95852A16-ADC2-4157-9705-303E8D5BA8CB}.Debug|Any CPU.Build.0 = Debug|Any CPU
		{95852A16-ADC2-4157-9705-303E8D5BA8CB}.Debug|x64.ActiveCfg = Debug|Any CPU
		{95852A16-ADC2-4157-9705-303E8D5BA8CB}.Debug|x64.Build.0 = Debug|Any CPU
		{95852A16-ADC2-4157-9705-303E8D5BA8CB}.Debug|x86.ActiveCfg = Debug|Any CPU
		{95852A16-ADC2-4157-9705-303E8D5BA8CB}.Debug|x86.Build.0 = Debug|Any CPU
		{95852A16-ADC2-4157-9705-303E8D5BA8CB}.Release|Any CPU.ActiveCfg = Release|Any CPU
		{95852A16-ADC2-4157-9705-303E8D5BA8CB}.Release|Any CPU.Build.0 = Release|Any CPU
		{95852A16-ADC2-4157-9705-303E8D5BA8CB}.Release|x64.ActiveCfg = Release|Any CPU
		{95852A16-ADC2-4157-9705-303E8D5BA8CB}.Release|x64.Build.0 = Release|Any CPU
		{95852A16-ADC2-4157-9705-303E8D5BA8CB}.Release|x86.ActiveCfg = Release|Any CPU
		{95852A16-ADC2-4157-9705-303E8D5BA8CB}.Release|x86.Build.0 = Release|Any CPU
		{2EF8D32B-BCB4-42F2-BBB1-8D65F0D4674D}.Debug|Any CPU.ActiveCfg = Debug|Any CPU
		{2EF8D32B-BCB4-42F2-BBB1-8D65F0D4674D}.Debug|Any CPU.Build.0 = Debug|Any CPU
		{2EF8D32B-BCB4-42F2-BBB1-8D65F0D4674D}.Debug|x64.ActiveCfg = Debug|Any CPU
		{2EF8D32B-BCB4-42F2-BBB1-8D65F0D4674D}.Debug|x64.Build.0 = Debug|Any CPU
		{2EF8D32B-BCB4-42F2-BBB1-8D65F0D4674D}.Debug|x86.ActiveCfg = Debug|Any CPU
		{2EF8D32B-BCB4-42F2-BBB1-8D65F0D4674D}.Debug|x86.Build.0 = Debug|Any CPU
		{2EF8D32B-BCB4-42F2-BBB1-8D65F0D4674D}.Release|Any CPU.ActiveCfg = Release|Any CPU
		{2EF8D32B-BCB4-42F2-BBB1-8D65F0D4674D}.Release|Any CPU.Build.0 = Release|Any CPU
		{2EF8D32B-BCB4-42F2-BBB1-8D65F0D4674D}.Release|x64.ActiveCfg = Release|Any CPU
		{2EF8D32B-BCB4-42F2-BBB1-8D65F0D4674D}.Release|x64.Build.0 = Release|Any CPU
		{2EF8D32B-BCB4-42F2-BBB1-8D65F0D4674D}.Release|x86.ActiveCfg = Release|Any CPU
		{2EF8D32B-BCB4-42F2-BBB1-8D65F0D4674D}.Release|x86.Build.0 = Release|Any CPU
	EndGlobalSection
	GlobalSection(SolutionProperties) = preSolution
		HideSolutionNode = FALSE
	EndGlobalSection
	GlobalSection(NestedProjects) = preSolution
		{981C2CF6-E5BB-602A-511C-234B538302B0} = {827E0CD3-B72D-47B6-A68D-7590B98EB39B}
		{B290014E-2512-4861-B112-943E4A56D76E} = {981C2CF6-E5BB-602A-511C-234B538302B0}
		{4DF80442-A1E5-CC28-AE7B-27B5F9BFE52B} = {827E0CD3-B72D-47B6-A68D-7590B98EB39B}
		{299E3FF3-A95B-4810-B80E-6B157551F425} = {4DF80442-A1E5-CC28-AE7B-27B5F9BFE52B}
		{C1ED5021-D0AE-42F9-90A0-B76B8283A627} = {4DF80442-A1E5-CC28-AE7B-27B5F9BFE52B}
		{E8FB03F0-C5D0-46C4-9093-99DEED788AF4} = {4DF80442-A1E5-CC28-AE7B-27B5F9BFE52B}
		{55DBC2C6-AB9D-4DDF-A0D8-A950F0DCFBF2} = {4DF80442-A1E5-CC28-AE7B-27B5F9BFE52B}
		{2DF74C48-B75C-461D-8190-F8634BDEBBE7} = {4DF80442-A1E5-CC28-AE7B-27B5F9BFE52B}
		{EC447DCF-ABFA-6E24-52A5-D7FD48A5C558} = {827E0CD3-B72D-47B6-A68D-7590B98EB39B}
		{6EBCFD33-7D2C-6F0C-B60B-6B70B57F5713} = {EC447DCF-ABFA-6E24-52A5-D7FD48A5C558}
		{3F0BC906-55CA-4758-9181-679D445E8E0C} = {6EBCFD33-7D2C-6F0C-B60B-6B70B57F5713}
		{6712A1D1-572F-47ED-821F-0C2F0AD5929B} = {6EBCFD33-7D2C-6F0C-B60B-6B70B57F5713}
		{72ACB282-D9BC-4A08-B809-FBB72D8EFD58} = {6EBCFD33-7D2C-6F0C-B60B-6B70B57F5713}
		{72174F46-087B-4BD2-9D34-6016A4CBA869} = {6EBCFD33-7D2C-6F0C-B60B-6B70B57F5713}
		{9CE653BF-7A52-4A4B-B7DA-39C2837E5955} = {6EBCFD33-7D2C-6F0C-B60B-6B70B57F5713}
		{6FEA55CD-9038-3367-F52F-2FD77CF71706} = {EC447DCF-ABFA-6E24-52A5-D7FD48A5C558}
		{6ABD90BB-C85C-45C4-A986-70D017BB22BC} = {6FEA55CD-9038-3367-F52F-2FD77CF71706}
		{A0D6E16A-32E9-4225-9424-57F298FE063F} = {6FEA55CD-9038-3367-F52F-2FD77CF71706}
		{D7C6DB49-4D99-490A-AACE-A674EB47C378} = {6FEA55CD-9038-3367-F52F-2FD77CF71706}
		{395D3BB7-7CB8-44AB-BBC7-15A8899003F1} = {6FEA55CD-9038-3367-F52F-2FD77CF71706}
		{90298CBA-BD6F-3A0A-69D5-97CAD7B05E7E} = {827E0CD3-B72D-47B6-A68D-7590B98EB39B}
		{D039E069-07E1-4E29-8B32-FB2B90BE231B} = {90298CBA-BD6F-3A0A-69D5-97CAD7B05E7E}
		{DBF2918F-7E73-49A9-AE4F-E97AB9AF96A7} = {90298CBA-BD6F-3A0A-69D5-97CAD7B05E7E}
		{284056EC-8174-406D-A3C3-2AFD04EDB3C5} = {90298CBA-BD6F-3A0A-69D5-97CAD7B05E7E}
		{51AA8A10-7D6B-4044-92FD-6BDB872BA3FB} = {90298CBA-BD6F-3A0A-69D5-97CAD7B05E7E}
		{7754A5FB-22EE-487F-B198-1869104C7014} = {90298CBA-BD6F-3A0A-69D5-97CAD7B05E7E}
		{A5E5D6F2-64B5-4DF8-B77B-61E54C5D9C01} = {90298CBA-BD6F-3A0A-69D5-97CAD7B05E7E}
		{A5E5D6F2-64B5-4DF8-B77B-61E54C5D9C02} = {827E0CD3-B72D-47B6-A68D-7590B98EB39B}
		{A5E5D6F2-64B5-4DF8-B77B-61E54C5D9C03} = {A5E5D6F2-64B5-4DF8-B77B-61E54C5D9C02}
		{85896903-C11A-550F-4791-5F5C99C50ED1} = {0AB3BF05-4346-4AA6-1389-037BE0695223}
		{924EAF3C-E529-4FC7-9E87-A15CE37AABD8} = {85896903-C11A-550F-4791-5F5C99C50ED1}
		{4ED01977-64FC-3F80-46B0-E78AD5B334DC} = {0AB3BF05-4346-4AA6-1389-037BE0695223}
		{814B1E2B-5501-437C-AE52-3D4639187DE0} = {4ED01977-64FC-3F80-46B0-E78AD5B334DC}
		{DA8A0F5C-4DE5-8F62-9FF1-6DCCE178F9BD} = {0AB3BF05-4346-4AA6-1389-037BE0695223}
		{EFD593CA-DCB9-49CC-ABC0-DDE550814006} = {DA8A0F5C-4DE5-8F62-9FF1-6DCCE178F9BD}
		{0CBD8A84-ADDB-80AC-D34C-93737CE66ECA} = {0AB3BF05-4346-4AA6-1389-037BE0695223}
		{8A30D5BB-3A54-4395-BF4B-D62171BE755A} = {0CBD8A84-ADDB-80AC-D34C-93737CE66ECA}
		{C7681E76-71D0-F6B3-CD73-27CBAEE59458} = {0AB3BF05-4346-4AA6-1389-037BE0695223}
		{7FE90F05-9731-47ED-80C0-775A0F09B94C} = {C7681E76-71D0-F6B3-CD73-27CBAEE59458}
		{86EDF2E8-368E-6ECE-B957-F7D5BC44D527} = {0AB3BF05-4346-4AA6-1389-037BE0695223}
		{F3690BA2-1A99-42B3-A536-0420A501CAF8} = {86EDF2E8-368E-6ECE-B957-F7D5BC44D527}
		{20F39B69-73D7-BD9C-1828-1BD7CC0961A3} = {0AB3BF05-4346-4AA6-1389-037BE0695223}
		{72547096-2CB9-4C3D-85C5-1C11ABBF1F07} = {20F39B69-73D7-BD9C-1828-1BD7CC0961A3}
		{E5AB533E-94D6-5DC6-D574-DB58F629B249} = {0AB3BF05-4346-4AA6-1389-037BE0695223}
		{E07751DB-72DC-419B-86E2-06961303B3D9} = {E5AB533E-94D6-5DC6-D574-DB58F629B249}
		{A3316750-C636-4800-A2AD-69D24DC05FAD} = {0AB3BF05-4346-4AA6-1389-037BE0695223}
		{ABB47130-4A32-4185-8660-F770306EB19B} = {90298CBA-BD6F-3A0A-69D5-97CAD7B05E7E}
		{FC890D3C-61DE-4D62-BACF-0A1211C2EB1B} = {C556BB27-3633-4668-9944-D20FAAD0A055}
		{A772F336-8548-446F-B4FB-8315A222AC74} = {90298CBA-BD6F-3A0A-69D5-97CAD7B05E7E}
		{5FBBD013-589D-467F-8DEC-08A8DE32CA24} = {87015C4C-08CC-499A-AD93-351459EE7DFB}
		{18F3320F-ACCE-4D80-803E-3FE25A4068E7} = {87015C4C-08CC-499A-AD93-351459EE7DFB}
		{4CAB5B60-6A7F-44CC-A15A-12CCB27757FE} = {87015C4C-08CC-499A-AD93-351459EE7DFB}
		{DE0D1CA7-A1A5-4818-B400-6E14B7F73851} = {87015C4C-08CC-499A-AD93-351459EE7DFB}
		{CA14BA5C-05B8-4E6F-83B5-3FAB77A138F4} = {87015C4C-08CC-499A-AD93-351459EE7DFB}
		{979A73DB-6D5B-43A4-B284-D2BE25C26D5E} = {0AB3BF05-4346-4AA6-1389-037BE0695223}
		{C4D13814-1BD1-49D1-AD3F-4F7DC75D18CF} = {EC447DCF-ABFA-6E24-52A5-D7FD48A5C558}
		{E03D81CF-4043-4D05-9C30-FB3EC304DCE4} = {C4D13814-1BD1-49D1-AD3F-4F7DC75D18CF}
		{5E033851-B19A-48D8-939E-79975F13E13F} = {C4D13814-1BD1-49D1-AD3F-4F7DC75D18CF}
		{FC90AA85-CD20-4056-8D12-8B2CA1B06C0C} = {C4D13814-1BD1-49D1-AD3F-4F7DC75D18CF}
		{F746461C-7D94-4852-A72E-93632C9A5526} = {C4D13814-1BD1-49D1-AD3F-4F7DC75D18CF}
		{86736933-DE0A-4E85-B6DB-F57510B7A55A} = {C4D13814-1BD1-49D1-AD3F-4F7DC75D18CF}
		{95852A16-ADC2-4157-9705-303E8D5BA8CB} = {0AB3BF05-4346-4AA6-1389-037BE0695223}
		{B9BCA5AD-5030-490D-9FFE-C24F07E80636} = {0AB3BF05-4346-4AA6-1389-037BE0695223}
		{2EF8D32B-BCB4-42F2-BBB1-8D65F0D4674D} = {B9BCA5AD-5030-490D-9FFE-C24F07E80636}
	EndGlobalSection
EndGlobal
